
Microsoft Visual Studio Solution File, Format Version 12.00
# Visual Studio 14
VisualStudioVersion = 14.0.25420.1
MinimumVisualStudioVersion = 10.0.40219.1
Project("{FAE04EC0-301F-11D3-BF4B-00C04F79EFBC}") = "ChooseADrink", "ChooseADrink\ChooseADrink.csproj", "{0BCE6689-6A0A-4102-A446-3D3B337595ED}"
EndProject
Project("{FAE04EC0-301F-11D3-BF4B-00C04F79EFBC}") = "ChooseADrink2", "ChooseADrink2\ChooseADrink2.csproj", "{899A9934-F82C-4470-A5FB-42D5A5DAE9D3}"
EndProject
Project("{FAE04EC0-301F-11D3-BF4B-00C04F79EFBC}") = "RestauarantDiscount", "RestauarantDiscount\RestauarantDiscount.csproj", "{E8B97424-ADFA-4A39-AD7D-7E0A31F054B9}"
EndProject
Project("{FAE04EC0-301F-11D3-BF4B-00C04F79EFBC}") = "Hotel", "Hotel\Hotel.csproj", "{8E03C645-E766-48CB-B494-7A7A60203001}"
EndProject
Project("{FAE04EC0-301F-11D3-BF4B-00C04F79EFBC}") = "IntervalOfNumbers", "IntervalOfNumbers\IntervalOfNumbers.csproj", "{CA14FF70-9A56-4CCF-86F8-1B1AF3767CF7}"
EndProject
Project("{FAE04EC0-301F-11D3-BF4B-00C04F79EFBC}") = "CakeIngredients", "CakeIngredients\CakeIngredients.csproj", "{D56483F6-12EA-415C-83DD-9B5C93471A8B}"
EndProject
Project("{FAE04EC0-301F-11D3-BF4B-00C04F79EFBC}") = "CaloriesCounter", "CaloriesCounter\CaloriesCounter.csproj", "{B90FA482-4DEE-4D1F-8FE4-6E55EBE771EA}"
EndProject
Project("{FAE04EC0-301F-11D3-BF4B-00C04F79EFBC}") = "CountTheIntegers", "CountTheIntegers\CountTheIntegers.csproj", "{9F319A11-2D1B-409D-B358-7AFFB2E0539D}"
EndProject
Project("{FAE04EC0-301F-11D3-BF4B-00C04F79EFBC}") = "TriangleOfNumbers", "TriangleOfNumbers\TriangleOfNumbers.csproj", "{D8E4290E-00BB-430B-89A4-9D107C9505B2}"
EndProject
Global
	GlobalSection(SolutionConfigurationPlatforms) = preSolution
		Debug|Any CPU = Debug|Any CPU
		Release|Any CPU = Release|Any CPU
	EndGlobalSection
	GlobalSection(ProjectConfigurationPlatforms) = postSolution
		{0BCE6689-6A0A-4102-A446-3D3B337595ED}.Debug|Any CPU.ActiveCfg = Debug|Any CPU
		{0BCE6689-6A0A-4102-A446-3D3B337595ED}.Debug|Any CPU.Build.0 = Debug|Any CPU
		{0BCE6689-6A0A-4102-A446-3D3B337595ED}.Release|Any CPU.ActiveCfg = Release|Any CPU
		{0BCE6689-6A0A-4102-A446-3D3B337595ED}.Release|Any CPU.Build.0 = Release|Any CPU
		{899A9934-F82C-4470-A5FB-42D5A5DAE9D3}.Debug|Any CPU.ActiveCfg = Debug|Any CPU
		{899A9934-F82C-4470-A5FB-42D5A5DAE9D3}.Debug|Any CPU.Build.0 = Debug|Any CPU
		{899A9934-F82C-4470-A5FB-42D5A5DAE9D3}.Release|Any CPU.ActiveCfg = Release|Any CPU
		{899A9934-F82C-4470-A5FB-42D5A5DAE9D3}.Release|Any CPU.Build.0 = Release|Any CPU
		{E8B97424-ADFA-4A39-AD7D-7E0A31F054B9}.Debug|Any CPU.ActiveCfg = Debug|Any CPU
		{E8B97424-ADFA-4A39-AD7D-7E0A31F054B9}.Debug|Any CPU.Build.0 = Debug|Any CPU
		{E8B97424-ADFA-4A39-AD7D-7E0A31F054B9}.Release|Any CPU.ActiveCfg = Release|Any CPU
		{E8B97424-ADFA-4A39-AD7D-7E0A31F054B9}.Release|Any CPU.Build.0 = Release|Any CPU
		{8E03C645-E766-48CB-B494-7A7A60203001}.Debug|Any CPU.ActiveCfg = Debug|Any CPU
		{8E03C645-E766-48CB-B494-7A7A60203001}.Debug|Any CPU.Build.0 = Debug|Any CPU
		{8E03C645-E766-48CB-B494-7A7A60203001}.Release|Any CPU.ActiveCfg = Release|Any CPU
		{8E03C645-E766-48CB-B494-7A7A60203001}.Release|Any CPU.Build.0 = Release|Any CPU
		{CA14FF70-9A56-4CCF-86F8-1B1AF3767CF7}.Debug|Any CPU.ActiveCfg = Debug|Any CPU
		{CA14FF70-9A56-4CCF-86F8-1B1AF3767CF7}.Debug|Any CPU.Build.0 = Debug|Any CPU
		{CA14FF70-9A56-4CCF-86F8-1B1AF3767CF7}.Release|Any CPU.ActiveCfg = Release|Any CPU
		{CA14FF70-9A56-4CCF-86F8-1B1AF3767CF7}.Release|Any CPU.Build.0 = Release|Any CPU
		{D56483F6-12EA-415C-83DD-9B5C93471A8B}.Debug|Any CPU.ActiveCfg = Debug|Any CPU
		{D56483F6-12EA-415C-83DD-9B5C93471A8B}.Debug|Any CPU.Build.0 = Debug|Any CPU
		{D56483F6-12EA-415C-83DD-9B5C93471A8B}.Release|Any CPU.ActiveCfg = Release|Any CPU
		{D56483F6-12EA-415C-83DD-9B5C93471A8B}.Release|Any CPU.Build.0 = Release|Any CPU
		{B90FA482-4DEE-4D1F-8FE4-6E55EBE771EA}.Debug|Any CPU.ActiveCfg = Debug|Any CPU
		{B90FA482-4DEE-4D1F-8FE4-6E55EBE771EA}.Debug|Any CPU.Build.0 = Debug|Any CPU
		{B90FA482-4DEE-4D1F-8FE4-6E55EBE771EA}.Release|Any CPU.ActiveCfg = Release|Any CPU
		{B90FA482-4DEE-4D1F-8FE4-6E55EBE771EA}.Release|Any CPU.Build.0 = Release|Any CPU
		{9F319A11-2D1B-409D-B358-7AFFB2E0539D}.Debug|Any CPU.ActiveCfg = Debug|Any CPU
		{9F319A11-2D1B-409D-B358-7AFFB2E0539D}.Debug|Any CPU.Build.0 = Debug|Any CPU
		{9F319A11-2D1B-409D-B358-7AFFB2E0539D}.Release|Any CPU.ActiveCfg = Release|Any CPU
		{9F319A11-2D1B-409D-B358-7AFFB2E0539D}.Release|Any CPU.Build.0 = Release|Any CPU
		{D8E4290E-00BB-430B-89A4-9D107C9505B2}.Debug|Any CPU.ActiveCfg = Debug|Any CPU
		{D8E4290E-00BB-430B-89A4-9D107C9505B2}.Debug|Any CPU.Build.0 = Debug|Any CPU
		{D8E4290E-00BB-430B-89A4-9D107C9505B2}.Release|Any CPU.ActiveCfg = Release|Any CPU
		{D8E4290E-00BB-430B-89A4-9D107C9505B2}.Release|Any CPU.Build.0 = Release|Any CPU
	EndGlobalSection
	GlobalSection(SolutionProperties) = preSolution
		HideSolutionNode = FALSE
	EndGlobalSection
EndGlobal
