
Microsoft Visual Studio Solution File, Format Version 12.00
# Visual Studio 14
VisualStudioVersion = 14.0.25420.1
MinimumVisualStudioVersion = 10.0.40219.1
Project("{FAE04EC0-301F-11D3-BF4B-00C04F79EFBC}") = "X", "X\X.csproj", "{6F59019B-FBA1-4AC0-A830-C8836E5EB180}"
EndProject
Project("{FAE04EC0-301F-11D3-BF4B-00C04F79EFBC}") = "VaporStore", "VaporStore\VaporStore.csproj", "{A3589A15-26A1-44EB-B00E-D503B488CD71}"
EndProject
Project("{FAE04EC0-301F-11D3-BF4B-00C04F79EFBC}") = "MegaPixels", "MegaPixels\MegaPixels.csproj", "{ECF43363-D991-4270-9B12-D7E5FB3163A7}"
EndProject
Project("{FAE04EC0-301F-11D3-BF4B-00C04F79EFBC}") = "PhotoGallery", "PhotoGallery\PhotoGallery.csproj", "{6D3B7EED-004D-40BB-8210-2E070FF7CC8E}"
EndProject
Project("{FAE04EC0-301F-11D3-BF4B-00C04F79EFBC}") = "BPMCounter", "BPMCounter\BPMCounter.csproj", "{D3749C8E-2C97-48D6-9068-CD79901823DC}"
EndProject
Project("{FAE04EC0-301F-11D3-BF4B-00C04F79EFBC}") = "DNASequences", "DNASequences\DNASequences.csproj", "{9EED0C62-6690-404E-9E0B-814D4600DA70}"
EndProject
Project("{FAE04EC0-301F-11D3-BF4B-00C04F79EFBC}") = "TrainingHallEquipment", "TrainingHallEquipment\TrainingHallEquipment.csproj", "{1E99E8CD-201B-4462-B305-2C54DD5B2259}"
EndProject
Project("{FAE04EC0-301F-11D3-BF4B-00C04F79EFBC}") = "SMSTyping", "SMSTyping\SMSTyping.csproj", "{1FB97B58-999F-4A26-A635-98954796F39F}"
EndProject
Global
	GlobalSection(SolutionConfigurationPlatforms) = preSolution
		Debug|Any CPU = Debug|Any CPU
		Release|Any CPU = Release|Any CPU
	EndGlobalSection
	GlobalSection(ProjectConfigurationPlatforms) = postSolution
		{6F59019B-FBA1-4AC0-A830-C8836E5EB180}.Debug|Any CPU.ActiveCfg = Debug|Any CPU
		{6F59019B-FBA1-4AC0-A830-C8836E5EB180}.Debug|Any CPU.Build.0 = Debug|Any CPU
		{6F59019B-FBA1-4AC0-A830-C8836E5EB180}.Release|Any CPU.ActiveCfg = Release|Any CPU
		{6F59019B-FBA1-4AC0-A830-C8836E5EB180}.Release|Any CPU.Build.0 = Release|Any CPU
		{A3589A15-26A1-44EB-B00E-D503B488CD71}.Debug|Any CPU.ActiveCfg = Debug|Any CPU
		{A3589A15-26A1-44EB-B00E-D503B488CD71}.Debug|Any CPU.Build.0 = Debug|Any CPU
		{A3589A15-26A1-44EB-B00E-D503B488CD71}.Release|Any CPU.ActiveCfg = Release|Any CPU
		{A3589A15-26A1-44EB-B00E-D503B488CD71}.Release|Any CPU.Build.0 = Release|Any CPU
		{ECF43363-D991-4270-9B12-D7E5FB3163A7}.Debug|Any CPU.ActiveCfg = Debug|Any CPU
		{ECF43363-D991-4270-9B12-D7E5FB3163A7}.Debug|Any CPU.Build.0 = Debug|Any CPU
		{ECF43363-D991-4270-9B12-D7E5FB3163A7}.Release|Any CPU.ActiveCfg = Release|Any CPU
		{ECF43363-D991-4270-9B12-D7E5FB3163A7}.Release|Any CPU.Build.0 = Release|Any CPU
		{6D3B7EED-004D-40BB-8210-2E070FF7CC8E}.Debug|Any CPU.ActiveCfg = Debug|Any CPU
		{6D3B7EED-004D-40BB-8210-2E070FF7CC8E}.Debug|Any CPU.Build.0 = Debug|Any CPU
		{6D3B7EED-004D-40BB-8210-2E070FF7CC8E}.Release|Any CPU.ActiveCfg = Release|Any CPU
		{6D3B7EED-004D-40BB-8210-2E070FF7CC8E}.Release|Any CPU.Build.0 = Release|Any CPU
		{D3749C8E-2C97-48D6-9068-CD79901823DC}.Debug|Any CPU.ActiveCfg = Debug|Any CPU
		{D3749C8E-2C97-48D6-9068-CD79901823DC}.Debug|Any CPU.Build.0 = Debug|Any CPU
		{D3749C8E-2C97-48D6-9068-CD79901823DC}.Release|Any CPU.ActiveCfg = Release|Any CPU
		{D3749C8E-2C97-48D6-9068-CD79901823DC}.Release|Any CPU.Build.0 = Release|Any CPU
		{9EED0C62-6690-404E-9E0B-814D4600DA70}.Debug|Any CPU.ActiveCfg = Debug|Any CPU
		{9EED0C62-6690-404E-9E0B-814D4600DA70}.Debug|Any CPU.Build.0 = Debug|Any CPU
		{9EED0C62-6690-404E-9E0B-814D4600DA70}.Release|Any CPU.ActiveCfg = Release|Any CPU
		{9EED0C62-6690-404E-9E0B-814D4600DA70}.Release|Any CPU.Build.0 = Release|Any CPU
		{1E99E8CD-201B-4462-B305-2C54DD5B2259}.Debug|Any CPU.ActiveCfg = Debug|Any CPU
		{1E99E8CD-201B-4462-B305-2C54DD5B2259}.Debug|Any CPU.Build.0 = Debug|Any CPU
		{1E99E8CD-201B-4462-B305-2C54DD5B2259}.Release|Any CPU.ActiveCfg = Release|Any CPU
		{1E99E8CD-201B-4462-B305-2C54DD5B2259}.Release|Any CPU.Build.0 = Release|Any CPU
		{1FB97B58-999F-4A26-A635-98954796F39F}.Debug|Any CPU.ActiveCfg = Debug|Any CPU
		{1FB97B58-999F-4A26-A635-98954796F39F}.Debug|Any CPU.Build.0 = Debug|Any CPU
		{1FB97B58-999F-4A26-A635-98954796F39F}.Release|Any CPU.ActiveCfg = Release|Any CPU
		{1FB97B58-999F-4A26-A635-98954796F39F}.Release|Any CPU.Build.0 = Release|Any CPU
	EndGlobalSection
	GlobalSection(SolutionProperties) = preSolution
		HideSolutionNode = FALSE
	EndGlobalSection
EndGlobal
