
Microsoft Visual Studio Solution File, Format Version 12.00
# Visual Studio 14
VisualStudioVersion = 14.0.25420.1
MinimumVisualStudioVersion = 10.0.40219.1
Project("{FAE04EC0-301F-11D3-BF4B-00C04F79EFBC}") = "HelloName", "HelloName\HelloName.csproj", "{BA04E769-A68B-4377-9079-4635F415DE32}"
EndProject
Project("{FAE04EC0-301F-11D3-BF4B-00C04F79EFBC}") = "MinMethod", "MinMethod\MinMethod.csproj", "{19B726BD-FB3D-449D-AF61-818156C97BE0}"
EndProject
Project("{FAE04EC0-301F-11D3-BF4B-00C04F79EFBC}") = "StringRepeater", "StringRepeater\StringRepeater.csproj", "{C600364B-B95B-416B-9051-6DE05F510F20}"
EndProject
Project("{FAE04EC0-301F-11D3-BF4B-00C04F79EFBC}") = "NthDigit", "NthDigit\NthDigit.csproj", "{98847F00-3537-49E1-AFB6-E966177C2C3C}"
EndProject
Project("{FAE04EC0-301F-11D3-BF4B-00C04F79EFBC}") = "IntegerToBase", "IntegerToBase\IntegerToBase.csproj", "{852F00F9-9356-4AC7-97D1-D7695D324AB1}"
EndProject
Project("{FAE04EC0-301F-11D3-BF4B-00C04F79EFBC}") = "Notifications", "Notifications\Notifications.csproj", "{ADA81E48-69C8-4F32-A5DB-16BC4B369EB6}"
EndProject
Project("{FAE04EC0-301F-11D3-BF4B-00C04F79EFBC}") = "NumbersToWords", "NumbersToWords\NumbersToWords.csproj", "{7C847CC8-F8D6-4FA5-ACE1-AD8E0D381A3C}"
EndProject
Project("{FAE04EC0-301F-11D3-BF4B-00C04F79EFBC}") = "StringEncryption", "StringEncryption\StringEncryption.csproj", "{58716C55-83B5-4413-8A71-55EFE8FABD6B}"
EndProject
Global
	GlobalSection(SolutionConfigurationPlatforms) = preSolution
		Debug|Any CPU = Debug|Any CPU
		Release|Any CPU = Release|Any CPU
	EndGlobalSection
	GlobalSection(ProjectConfigurationPlatforms) = postSolution
		{BA04E769-A68B-4377-9079-4635F415DE32}.Debug|Any CPU.ActiveCfg = Debug|Any CPU
		{BA04E769-A68B-4377-9079-4635F415DE32}.Debug|Any CPU.Build.0 = Debug|Any CPU
		{BA04E769-A68B-4377-9079-4635F415DE32}.Release|Any CPU.ActiveCfg = Release|Any CPU
		{BA04E769-A68B-4377-9079-4635F415DE32}.Release|Any CPU.Build.0 = Release|Any CPU
		{19B726BD-FB3D-449D-AF61-818156C97BE0}.Debug|Any CPU.ActiveCfg = Debug|Any CPU
		{19B726BD-FB3D-449D-AF61-818156C97BE0}.Debug|Any CPU.Build.0 = Debug|Any CPU
		{19B726BD-FB3D-449D-AF61-818156C97BE0}.Release|Any CPU.ActiveCfg = Release|Any CPU
		{19B726BD-FB3D-449D-AF61-818156C97BE0}.Release|Any CPU.Build.0 = Release|Any CPU
		{C600364B-B95B-416B-9051-6DE05F510F20}.Debug|Any CPU.ActiveCfg = Debug|Any CPU
		{C600364B-B95B-416B-9051-6DE05F510F20}.Debug|Any CPU.Build.0 = Debug|Any CPU
		{C600364B-B95B-416B-9051-6DE05F510F20}.Release|Any CPU.ActiveCfg = Release|Any CPU
		{C600364B-B95B-416B-9051-6DE05F510F20}.Release|Any CPU.Build.0 = Release|Any CPU
		{98847F00-3537-49E1-AFB6-E966177C2C3C}.Debug|Any CPU.ActiveCfg = Debug|Any CPU
		{98847F00-3537-49E1-AFB6-E966177C2C3C}.Debug|Any CPU.Build.0 = Debug|Any CPU
		{98847F00-3537-49E1-AFB6-E966177C2C3C}.Release|Any CPU.ActiveCfg = Release|Any CPU
		{98847F00-3537-49E1-AFB6-E966177C2C3C}.Release|Any CPU.Build.0 = Release|Any CPU
		{852F00F9-9356-4AC7-97D1-D7695D324AB1}.Debug|Any CPU.ActiveCfg = Debug|Any CPU
		{852F00F9-9356-4AC7-97D1-D7695D324AB1}.Debug|Any CPU.Build.0 = Debug|Any CPU
		{852F00F9-9356-4AC7-97D1-D7695D324AB1}.Release|Any CPU.ActiveCfg = Release|Any CPU
		{852F00F9-9356-4AC7-97D1-D7695D324AB1}.Release|Any CPU.Build.0 = Release|Any CPU
		{ADA81E48-69C8-4F32-A5DB-16BC4B369EB6}.Debug|Any CPU.ActiveCfg = Debug|Any CPU
		{ADA81E48-69C8-4F32-A5DB-16BC4B369EB6}.Debug|Any CPU.Build.0 = Debug|Any CPU
		{ADA81E48-69C8-4F32-A5DB-16BC4B369EB6}.Release|Any CPU.ActiveCfg = Release|Any CPU
		{ADA81E48-69C8-4F32-A5DB-16BC4B369EB6}.Release|Any CPU.Build.0 = Release|Any CPU
		{7C847CC8-F8D6-4FA5-ACE1-AD8E0D381A3C}.Debug|Any CPU.ActiveCfg = Debug|Any CPU
		{7C847CC8-F8D6-4FA5-ACE1-AD8E0D381A3C}.Debug|Any CPU.Build.0 = Debug|Any CPU
		{7C847CC8-F8D6-4FA5-ACE1-AD8E0D381A3C}.Release|Any CPU.ActiveCfg = Release|Any CPU
		{7C847CC8-F8D6-4FA5-ACE1-AD8E0D381A3C}.Release|Any CPU.Build.0 = Release|Any CPU
		{58716C55-83B5-4413-8A71-55EFE8FABD6B}.Debug|Any CPU.ActiveCfg = Debug|Any CPU
		{58716C55-83B5-4413-8A71-55EFE8FABD6B}.Debug|Any CPU.Build.0 = Debug|Any CPU
		{58716C55-83B5-4413-8A71-55EFE8FABD6B}.Release|Any CPU.ActiveCfg = Release|Any CPU
		{58716C55-83B5-4413-8A71-55EFE8FABD6B}.Release|Any CPU.Build.0 = Release|Any CPU
	EndGlobalSection
	GlobalSection(SolutionProperties) = preSolution
		HideSolutionNode = FALSE
	EndGlobalSection
EndGlobal
