
Microsoft Visual Studio Solution File, Format Version 12.00
# Visual Studio 14
VisualStudioVersion = 14.0.25420.1
MinimumVisualStudioVersion = 10.0.40219.1
Project("{FAE04EC0-301F-11D3-BF4B-00C04F79EFBC}") = "DebitCardNumber", "Debit Card Number\DebitCardNumber.csproj", "{3C464A10-92E3-4F50-8CF0-FB209E450E33}"
EndProject
Project("{FAE04EC0-301F-11D3-BF4B-00C04F79EFBC}") = "RectangleArea", "RectangleArea\RectangleArea.csproj", "{F2514BB1-8F50-494D-B720-BE1F34B8B724}"
EndProject
Project("{FAE04EC0-301F-11D3-BF4B-00C04F79EFBC}") = "MilesToKilometers", "MilesToKilometers\MilesToKilometers.csproj", "{918D7DA7-FD8F-4856-ACAE-B69DA63AA4DB}"
EndProject
Project("{FAE04EC0-301F-11D3-BF4B-00C04F79EFBC}") = "BeverageLabels", "ConsoleApplication1\BeverageLabels.csproj", "{12834F4C-B561-4C0E-8164-916B79C92912}"
EndProject
Global
	GlobalSection(SolutionConfigurationPlatforms) = preSolution
		Debug|Any CPU = Debug|Any CPU
		Release|Any CPU = Release|Any CPU
	EndGlobalSection
	GlobalSection(ProjectConfigurationPlatforms) = postSolution
		{3C464A10-92E3-4F50-8CF0-FB209E450E33}.Debug|Any CPU.ActiveCfg = Debug|Any CPU
		{3C464A10-92E3-4F50-8CF0-FB209E450E33}.Debug|Any CPU.Build.0 = Debug|Any CPU
		{3C464A10-92E3-4F50-8CF0-FB209E450E33}.Release|Any CPU.ActiveCfg = Release|Any CPU
		{3C464A10-92E3-4F50-8CF0-FB209E450E33}.Release|Any CPU.Build.0 = Release|Any CPU
		{F2514BB1-8F50-494D-B720-BE1F34B8B724}.Debug|Any CPU.ActiveCfg = Debug|Any CPU
		{F2514BB1-8F50-494D-B720-BE1F34B8B724}.Debug|Any CPU.Build.0 = Debug|Any CPU
		{F2514BB1-8F50-494D-B720-BE1F34B8B724}.Release|Any CPU.ActiveCfg = Release|Any CPU
		{F2514BB1-8F50-494D-B720-BE1F34B8B724}.Release|Any CPU.Build.0 = Release|Any CPU
		{918D7DA7-FD8F-4856-ACAE-B69DA63AA4DB}.Debug|Any CPU.ActiveCfg = Debug|Any CPU
		{918D7DA7-FD8F-4856-ACAE-B69DA63AA4DB}.Debug|Any CPU.Build.0 = Debug|Any CPU
		{918D7DA7-FD8F-4856-ACAE-B69DA63AA4DB}.Release|Any CPU.ActiveCfg = Release|Any CPU
		{918D7DA7-FD8F-4856-ACAE-B69DA63AA4DB}.Release|Any CPU.Build.0 = Release|Any CPU
		{12834F4C-B561-4C0E-8164-916B79C92912}.Debug|Any CPU.ActiveCfg = Debug|Any CPU
		{12834F4C-B561-4C0E-8164-916B79C92912}.Debug|Any CPU.Build.0 = Debug|Any CPU
		{12834F4C-B561-4C0E-8164-916B79C92912}.Release|Any CPU.ActiveCfg = Release|Any CPU
		{12834F4C-B561-4C0E-8164-916B79C92912}.Release|Any CPU.Build.0 = Release|Any CPU
	EndGlobalSection
	GlobalSection(SolutionProperties) = preSolution
		HideSolutionNode = FALSE
	EndGlobalSection
EndGlobal
