
Microsoft Visual Studio Solution File, Format Version 12.00
# Visual Studio 14
VisualStudioVersion = 14.0.25420.1
MinimumVisualStudioVersion = 10.0.40219.1
Project("{FAE04EC0-301F-11D3-BF4B-00C04F79EFBC}") = "PracticeIntegerNumbers", "PracticeIntegerNumbers\PracticeIntegerNumbers.csproj", "{C5543553-FAB4-47AE-8A26-23D44032A77B}"
EndProject
Project("{FAE04EC0-301F-11D3-BF4B-00C04F79EFBC}") = "PracticeFloatingPointNumbers", "PracticeFloatingPointNumbers\PracticeFloatingPointNumbers.csproj", "{828495E1-964D-4F65-839D-8021BF39DA7F}"
EndProject
Project("{FAE04EC0-301F-11D3-BF4B-00C04F79EFBC}") = "ExchangeVariableValues", "ExchangeVariableValues\ExchangeVariableValues.csproj", "{66639809-DFC6-4CE6-B2AE-5715DA64A9B1}"
EndProject
Project("{FAE04EC0-301F-11D3-BF4B-00C04F79EFBC}") = "FloatOrInteger", "FloatOrInteger\FloatOrInteger.csproj", "{1E705730-29F0-4B71-BA75-8B7B8AA17533}"
EndProject
Project("{FAE04EC0-301F-11D3-BF4B-00C04F79EFBC}") = "DistanceOfTheStars", "DistanceOfTheStars\DistanceOfTheStars.csproj", "{9C19600E-5D97-45ED-BE3F-913C79C70BD2}"
EndProject
Project("{FAE04EC0-301F-11D3-BF4B-00C04F79EFBC}") = "IncrementVariable", "IncrementVariable\IncrementVariable.csproj", "{06267302-E939-42D3-ABE3-D064BA24555E}"
EndProject
Project("{FAE04EC0-301F-11D3-BF4B-00C04F79EFBC}") = "FromTerabytesToBits", "FromTerabytesToBits\FromTerabytesToBits.csproj", "{341FD55E-0C52-46B3-900F-6C9946CEFEBA}"
EndProject
Project("{FAE04EC0-301F-11D3-BF4B-00C04F79EFBC}") = "TravellingAtLightSpeed", "TravellingAtLightSpeed\TravellingAtLightSpeed.csproj", "{2D603B7E-22A2-4012-AD4F-6B1FA7C27684}"
EndProject
Project("{FAE04EC0-301F-11D3-BF4B-00C04F79EFBC}") = "TriangleFormations", "TriangleFormations\TriangleFormations.csproj", "{B718AE8B-78CB-4CA2-A2FB-100C3D8882DD}"
EndProject
Project("{FAE04EC0-301F-11D3-BF4B-00C04F79EFBC}") = "DataOverflow", "DataOverflow\DataOverflow.csproj", "{A2B77DAF-F22E-438A-8774-1AE0575B2124}"
EndProject
Project("{FAE04EC0-301F-11D3-BF4B-00C04F79EFBC}") = "PracticeCharactersAndStrings", "PracticeCharactersAndStrings\PracticeCharactersAndStrings.csproj", "{E59C0D9E-B4C2-40C4-AFE5-711524847680}"
EndProject
Project("{FAE04EC0-301F-11D3-BF4B-00C04F79EFBC}") = "VariableInHexadecimalFormat", "VariableInHexadecimalFormat\VariableInHexadecimalFormat.csproj", "{5267F116-C2F2-4F48-8132-CA7BD643A1E4}"
EndProject
Project("{FAE04EC0-301F-11D3-BF4B-00C04F79EFBC}") = "DigitsWithWords", "DigitsWithWords\DigitsWithWords.csproj", "{B515B273-0F80-49A2-9D88-557E5C177D7F}"
EndProject
Project("{FAE04EC0-301F-11D3-BF4B-00C04F79EFBC}") = "ASCIIString", "ASCIIString\ASCIIString.csproj", "{35E106E0-8315-4773-B23C-BB9D12041387}"
EndProject
Project("{FAE04EC0-301F-11D3-BF4B-00C04F79EFBC}") = "Calculator", "Calculator\Calculator.csproj", "{0EAE2EBD-9A1E-4B9E-8A62-EB53C68CEEDB}"
EndProject
Project("{FAE04EC0-301F-11D3-BF4B-00C04F79EFBC}") = "TrickyStrings", "TrickyStrings\TrickyStrings.csproj", "{406A9968-813F-4353-BE36-97E1A6B64B20}"
EndProject
Project("{FAE04EC0-301F-11D3-BF4B-00C04F79EFBC}") = "CypherRoulette", "CypherRoulette\CypherRoulette.csproj", "{EEAD7C31-6C58-4DB6-BE8E-1AF9C952AFE4}"
EndProject
Global
	GlobalSection(SolutionConfigurationPlatforms) = preSolution
		Debug|Any CPU = Debug|Any CPU
		Release|Any CPU = Release|Any CPU
	EndGlobalSection
	GlobalSection(ProjectConfigurationPlatforms) = postSolution
		{C5543553-FAB4-47AE-8A26-23D44032A77B}.Debug|Any CPU.ActiveCfg = Debug|Any CPU
		{C5543553-FAB4-47AE-8A26-23D44032A77B}.Debug|Any CPU.Build.0 = Debug|Any CPU
		{C5543553-FAB4-47AE-8A26-23D44032A77B}.Release|Any CPU.ActiveCfg = Release|Any CPU
		{C5543553-FAB4-47AE-8A26-23D44032A77B}.Release|Any CPU.Build.0 = Release|Any CPU
		{828495E1-964D-4F65-839D-8021BF39DA7F}.Debug|Any CPU.ActiveCfg = Debug|Any CPU
		{828495E1-964D-4F65-839D-8021BF39DA7F}.Debug|Any CPU.Build.0 = Debug|Any CPU
		{828495E1-964D-4F65-839D-8021BF39DA7F}.Release|Any CPU.ActiveCfg = Release|Any CPU
		{828495E1-964D-4F65-839D-8021BF39DA7F}.Release|Any CPU.Build.0 = Release|Any CPU
		{66639809-DFC6-4CE6-B2AE-5715DA64A9B1}.Debug|Any CPU.ActiveCfg = Debug|Any CPU
		{66639809-DFC6-4CE6-B2AE-5715DA64A9B1}.Debug|Any CPU.Build.0 = Debug|Any CPU
		{66639809-DFC6-4CE6-B2AE-5715DA64A9B1}.Release|Any CPU.ActiveCfg = Release|Any CPU
		{66639809-DFC6-4CE6-B2AE-5715DA64A9B1}.Release|Any CPU.Build.0 = Release|Any CPU
		{1E705730-29F0-4B71-BA75-8B7B8AA17533}.Debug|Any CPU.ActiveCfg = Debug|Any CPU
		{1E705730-29F0-4B71-BA75-8B7B8AA17533}.Debug|Any CPU.Build.0 = Debug|Any CPU
		{1E705730-29F0-4B71-BA75-8B7B8AA17533}.Release|Any CPU.ActiveCfg = Release|Any CPU
		{1E705730-29F0-4B71-BA75-8B7B8AA17533}.Release|Any CPU.Build.0 = Release|Any CPU
		{9C19600E-5D97-45ED-BE3F-913C79C70BD2}.Debug|Any CPU.ActiveCfg = Debug|Any CPU
		{9C19600E-5D97-45ED-BE3F-913C79C70BD2}.Debug|Any CPU.Build.0 = Debug|Any CPU
		{9C19600E-5D97-45ED-BE3F-913C79C70BD2}.Release|Any CPU.ActiveCfg = Release|Any CPU
		{9C19600E-5D97-45ED-BE3F-913C79C70BD2}.Release|Any CPU.Build.0 = Release|Any CPU
		{06267302-E939-42D3-ABE3-D064BA24555E}.Debug|Any CPU.ActiveCfg = Debug|Any CPU
		{06267302-E939-42D3-ABE3-D064BA24555E}.Debug|Any CPU.Build.0 = Debug|Any CPU
		{06267302-E939-42D3-ABE3-D064BA24555E}.Release|Any CPU.ActiveCfg = Release|Any CPU
		{06267302-E939-42D3-ABE3-D064BA24555E}.Release|Any CPU.Build.0 = Release|Any CPU
		{341FD55E-0C52-46B3-900F-6C9946CEFEBA}.Debug|Any CPU.ActiveCfg = Debug|Any CPU
		{341FD55E-0C52-46B3-900F-6C9946CEFEBA}.Debug|Any CPU.Build.0 = Debug|Any CPU
		{341FD55E-0C52-46B3-900F-6C9946CEFEBA}.Release|Any CPU.ActiveCfg = Release|Any CPU
		{341FD55E-0C52-46B3-900F-6C9946CEFEBA}.Release|Any CPU.Build.0 = Release|Any CPU
		{2D603B7E-22A2-4012-AD4F-6B1FA7C27684}.Debug|Any CPU.ActiveCfg = Debug|Any CPU
		{2D603B7E-22A2-4012-AD4F-6B1FA7C27684}.Debug|Any CPU.Build.0 = Debug|Any CPU
		{2D603B7E-22A2-4012-AD4F-6B1FA7C27684}.Release|Any CPU.ActiveCfg = Release|Any CPU
		{2D603B7E-22A2-4012-AD4F-6B1FA7C27684}.Release|Any CPU.Build.0 = Release|Any CPU
		{B718AE8B-78CB-4CA2-A2FB-100C3D8882DD}.Debug|Any CPU.ActiveCfg = Debug|Any CPU
		{B718AE8B-78CB-4CA2-A2FB-100C3D8882DD}.Debug|Any CPU.Build.0 = Debug|Any CPU
		{B718AE8B-78CB-4CA2-A2FB-100C3D8882DD}.Release|Any CPU.ActiveCfg = Release|Any CPU
		{B718AE8B-78CB-4CA2-A2FB-100C3D8882DD}.Release|Any CPU.Build.0 = Release|Any CPU
		{A2B77DAF-F22E-438A-8774-1AE0575B2124}.Debug|Any CPU.ActiveCfg = Debug|Any CPU
		{A2B77DAF-F22E-438A-8774-1AE0575B2124}.Debug|Any CPU.Build.0 = Debug|Any CPU
		{A2B77DAF-F22E-438A-8774-1AE0575B2124}.Release|Any CPU.ActiveCfg = Release|Any CPU
		{A2B77DAF-F22E-438A-8774-1AE0575B2124}.Release|Any CPU.Build.0 = Release|Any CPU
		{E59C0D9E-B4C2-40C4-AFE5-711524847680}.Debug|Any CPU.ActiveCfg = Debug|Any CPU
		{E59C0D9E-B4C2-40C4-AFE5-711524847680}.Debug|Any CPU.Build.0 = Debug|Any CPU
		{E59C0D9E-B4C2-40C4-AFE5-711524847680}.Release|Any CPU.ActiveCfg = Release|Any CPU
		{E59C0D9E-B4C2-40C4-AFE5-711524847680}.Release|Any CPU.Build.0 = Release|Any CPU
		{5267F116-C2F2-4F48-8132-CA7BD643A1E4}.Debug|Any CPU.ActiveCfg = Debug|Any CPU
		{5267F116-C2F2-4F48-8132-CA7BD643A1E4}.Debug|Any CPU.Build.0 = Debug|Any CPU
		{5267F116-C2F2-4F48-8132-CA7BD643A1E4}.Release|Any CPU.ActiveCfg = Release|Any CPU
		{5267F116-C2F2-4F48-8132-CA7BD643A1E4}.Release|Any CPU.Build.0 = Release|Any CPU
		{B515B273-0F80-49A2-9D88-557E5C177D7F}.Debug|Any CPU.ActiveCfg = Debug|Any CPU
		{B515B273-0F80-49A2-9D88-557E5C177D7F}.Debug|Any CPU.Build.0 = Debug|Any CPU
		{B515B273-0F80-49A2-9D88-557E5C177D7F}.Release|Any CPU.ActiveCfg = Release|Any CPU
		{B515B273-0F80-49A2-9D88-557E5C177D7F}.Release|Any CPU.Build.0 = Release|Any CPU
		{35E106E0-8315-4773-B23C-BB9D12041387}.Debug|Any CPU.ActiveCfg = Debug|Any CPU
		{35E106E0-8315-4773-B23C-BB9D12041387}.Debug|Any CPU.Build.0 = Debug|Any CPU
		{35E106E0-8315-4773-B23C-BB9D12041387}.Release|Any CPU.ActiveCfg = Release|Any CPU
		{35E106E0-8315-4773-B23C-BB9D12041387}.Release|Any CPU.Build.0 = Release|Any CPU
		{0EAE2EBD-9A1E-4B9E-8A62-EB53C68CEEDB}.Debug|Any CPU.ActiveCfg = Debug|Any CPU
		{0EAE2EBD-9A1E-4B9E-8A62-EB53C68CEEDB}.Debug|Any CPU.Build.0 = Debug|Any CPU
		{0EAE2EBD-9A1E-4B9E-8A62-EB53C68CEEDB}.Release|Any CPU.ActiveCfg = Release|Any CPU
		{0EAE2EBD-9A1E-4B9E-8A62-EB53C68CEEDB}.Release|Any CPU.Build.0 = Release|Any CPU
		{406A9968-813F-4353-BE36-97E1A6B64B20}.Debug|Any CPU.ActiveCfg = Debug|Any CPU
		{406A9968-813F-4353-BE36-97E1A6B64B20}.Debug|Any CPU.Build.0 = Debug|Any CPU
		{406A9968-813F-4353-BE36-97E1A6B64B20}.Release|Any CPU.ActiveCfg = Release|Any CPU
		{406A9968-813F-4353-BE36-97E1A6B64B20}.Release|Any CPU.Build.0 = Release|Any CPU
		{EEAD7C31-6C58-4DB6-BE8E-1AF9C952AFE4}.Debug|Any CPU.ActiveCfg = Debug|Any CPU
		{EEAD7C31-6C58-4DB6-BE8E-1AF9C952AFE4}.Debug|Any CPU.Build.0 = Debug|Any CPU
		{EEAD7C31-6C58-4DB6-BE8E-1AF9C952AFE4}.Release|Any CPU.ActiveCfg = Release|Any CPU
		{EEAD7C31-6C58-4DB6-BE8E-1AF9C952AFE4}.Release|Any CPU.Build.0 = Release|Any CPU
	EndGlobalSection
	GlobalSection(SolutionProperties) = preSolution
		HideSolutionNode = FALSE
	EndGlobalSection
EndGlobal
