
Microsoft Visual Studio Solution File, Format Version 12.00
# Visual Studio 14
VisualStudioVersion = 14.0.25420.1
MinimumVisualStudioVersion = 10.0.40219.1
Project("{FAE04EC0-301F-11D3-BF4B-00C04F79EFBC}") = "ParcticeIntegerNumbers", "ParcticeIntegerNumbers\ParcticeIntegerNumbers.csproj", "{51E4C17B-26A8-40DA-8CD0-D90F855C7C5A}"
EndProject
Project("{FAE04EC0-301F-11D3-BF4B-00C04F79EFBC}") = "PracticeFloatingPointNumbers", "PracticeFloatingPointNumbers\PracticeFloatingPointNumbers.csproj", "{FDF923D3-A2E0-459A-875C-45EB341992E8}"
EndProject
Global
	GlobalSection(SolutionConfigurationPlatforms) = preSolution
		Debug|Any CPU = Debug|Any CPU
		Release|Any CPU = Release|Any CPU
	EndGlobalSection
	GlobalSection(ProjectConfigurationPlatforms) = postSolution
		{51E4C17B-26A8-40DA-8CD0-D90F855C7C5A}.Debug|Any CPU.ActiveCfg = Debug|Any CPU
		{51E4C17B-26A8-40DA-8CD0-D90F855C7C5A}.Debug|Any CPU.Build.0 = Debug|Any CPU
		{51E4C17B-26A8-40DA-8CD0-D90F855C7C5A}.Release|Any CPU.ActiveCfg = Release|Any CPU
		{51E4C17B-26A8-40DA-8CD0-D90F855C7C5A}.Release|Any CPU.Build.0 = Release|Any CPU
		{FDF923D3-A2E0-459A-875C-45EB341992E8}.Debug|Any CPU.ActiveCfg = Debug|Any CPU
		{FDF923D3-A2E0-459A-875C-45EB341992E8}.Debug|Any CPU.Build.0 = Debug|Any CPU
		{FDF923D3-A2E0-459A-875C-45EB341992E8}.Release|Any CPU.ActiveCfg = Release|Any CPU
		{FDF923D3-A2E0-459A-875C-45EB341992E8}.Release|Any CPU.Build.0 = Release|Any CPU
	EndGlobalSection
	GlobalSection(SolutionProperties) = preSolution
		HideSolutionNode = FALSE
	EndGlobalSection
EndGlobal
