
Microsoft Visual Studio Solution File, Format Version 12.00
# Visual Studio 14
VisualStudioVersion = 14.0.25420.1
MinimumVisualStudioVersion = 10.0.40219.1
Project("{FAE04EC0-301F-11D3-BF4B-00C04F79EFBC}") = "PracticeIntegerNumbers", "PracticeIntegerNumbers\PracticeIntegerNumbers.csproj", "{87FC11F1-8E65-4B7B-A1EB-6B70363BB90C}"
EndProject
Project("{FAE04EC0-301F-11D3-BF4B-00C04F79EFBC}") = "PracticeFloatingPointNumbers", "PracticeFloatingPointNumbers\PracticeFloatingPointNumbers.csproj", "{4CB23763-056D-4C2D-B4AF-9EF3A85EC854}"
EndProject
Project("{FAE04EC0-301F-11D3-BF4B-00C04F79EFBC}") = "ExchangeVariableValues", "ExchangeVariableValues\ExchangeVariableValues.csproj", "{5398BEBB-5889-4815-BE43-11B0ED42DD02}"
EndProject
Project("{FAE04EC0-301F-11D3-BF4B-00C04F79EFBC}") = "FloatOrInteger", "FloatOrInteger\FloatOrInteger.csproj", "{0F56B6F9-ECB8-4417-AADF-CDEE4433461B}"
EndProject
Project("{FAE04EC0-301F-11D3-BF4B-00C04F79EFBC}") = "DistanceOfTheStars", "DistanceOfTheStars\DistanceOfTheStars.csproj", "{FDE23CB7-8A26-4F99-89A0-2D6B9B15EF48}"
EndProject
Project("{FAE04EC0-301F-11D3-BF4B-00C04F79EFBC}") = "IncrementVariable", "IncrementVariable\IncrementVariable.csproj", "{D5E43886-53BD-44A0-BED2-63E19D53EE1C}"
EndProject
Project("{FAE04EC0-301F-11D3-BF4B-00C04F79EFBC}") = "FromTerabytesToBits", "FromTerabytesToBits\FromTerabytesToBits.csproj", "{066E4B3D-A517-4AC7-81A8-D3B22756CF8A}"
EndProject
Project("{FAE04EC0-301F-11D3-BF4B-00C04F79EFBC}") = "TravellingAtLightSpeed", "TravellingAtLightSpeed\TravellingAtLightSpeed.csproj", "{28A86A78-0D20-44D0-A364-358BB012772D}"
EndProject
Project("{FAE04EC0-301F-11D3-BF4B-00C04F79EFBC}") = "TriangleFormations", "TriangleFormations\TriangleFormations.csproj", "{9440551D-EF8B-41E3-8853-C2D1DB7B3164}"
EndProject
Project("{FAE04EC0-301F-11D3-BF4B-00C04F79EFBC}") = "DataOverflow", "DataOverflow\DataOverflow.csproj", "{439FEA0F-3778-401D-804F-2565CA5F03CF}"
EndProject
Project("{FAE04EC0-301F-11D3-BF4B-00C04F79EFBC}") = "PracticeCharactersAndStrings", "PracticeCharactersAndStrings\PracticeCharactersAndStrings.csproj", "{F4093779-5EF2-4DD7-BB23-7FB110B5F6CC}"
EndProject
Project("{FAE04EC0-301F-11D3-BF4B-00C04F79EFBC}") = "VariableInHexadecimalFormat", "VariableInHexadecimalFormat\VariableInHexadecimalFormat.csproj", "{0195B40F-DC81-4EC2-8CBD-E78CBBCCC7ED}"
EndProject
Project("{FAE04EC0-301F-11D3-BF4B-00C04F79EFBC}") = "DigitsWithWords", "DigitsWithWords\DigitsWithWords.csproj", "{3E522912-A562-4964-9EF9-C3E610CFFACA}"
EndProject
Project("{FAE04EC0-301F-11D3-BF4B-00C04F79EFBC}") = "ASCIIString", "ASCIIString\ASCIIString.csproj", "{AB81D340-970B-40E1-9FF2-9D8B9501FCCB}"
EndProject
Project("{FAE04EC0-301F-11D3-BF4B-00C04F79EFBC}") = "Calculator", "Calculator\Calculator.csproj", "{182F5F89-D3C1-4442-8A3A-19D472C97B11}"
EndProject
Project("{FAE04EC0-301F-11D3-BF4B-00C04F79EFBC}") = "TrickyStrings", "TrickyStrings\TrickyStrings.csproj", "{532D37BB-B426-4570-B323-EAE589FB21E2}"
EndProject
Project("{FAE04EC0-301F-11D3-BF4B-00C04F79EFBC}") = "CypherRoulette", "CypherRoulette\CypherRoulette.csproj", "{8DAD24F0-3606-4B87-B58D-99607F5DA006}"
EndProject
Global
	GlobalSection(SolutionConfigurationPlatforms) = preSolution
		Debug|Any CPU = Debug|Any CPU
		Release|Any CPU = Release|Any CPU
	EndGlobalSection
	GlobalSection(ProjectConfigurationPlatforms) = postSolution
		{87FC11F1-8E65-4B7B-A1EB-6B70363BB90C}.Debug|Any CPU.ActiveCfg = Debug|Any CPU
		{87FC11F1-8E65-4B7B-A1EB-6B70363BB90C}.Debug|Any CPU.Build.0 = Debug|Any CPU
		{87FC11F1-8E65-4B7B-A1EB-6B70363BB90C}.Release|Any CPU.ActiveCfg = Release|Any CPU
		{87FC11F1-8E65-4B7B-A1EB-6B70363BB90C}.Release|Any CPU.Build.0 = Release|Any CPU
		{4CB23763-056D-4C2D-B4AF-9EF3A85EC854}.Debug|Any CPU.ActiveCfg = Debug|Any CPU
		{4CB23763-056D-4C2D-B4AF-9EF3A85EC854}.Debug|Any CPU.Build.0 = Debug|Any CPU
		{4CB23763-056D-4C2D-B4AF-9EF3A85EC854}.Release|Any CPU.ActiveCfg = Release|Any CPU
		{4CB23763-056D-4C2D-B4AF-9EF3A85EC854}.Release|Any CPU.Build.0 = Release|Any CPU
		{5398BEBB-5889-4815-BE43-11B0ED42DD02}.Debug|Any CPU.ActiveCfg = Debug|Any CPU
		{5398BEBB-5889-4815-BE43-11B0ED42DD02}.Debug|Any CPU.Build.0 = Debug|Any CPU
		{5398BEBB-5889-4815-BE43-11B0ED42DD02}.Release|Any CPU.ActiveCfg = Release|Any CPU
		{5398BEBB-5889-4815-BE43-11B0ED42DD02}.Release|Any CPU.Build.0 = Release|Any CPU
		{0F56B6F9-ECB8-4417-AADF-CDEE4433461B}.Debug|Any CPU.ActiveCfg = Debug|Any CPU
		{0F56B6F9-ECB8-4417-AADF-CDEE4433461B}.Debug|Any CPU.Build.0 = Debug|Any CPU
		{0F56B6F9-ECB8-4417-AADF-CDEE4433461B}.Release|Any CPU.ActiveCfg = Release|Any CPU
		{0F56B6F9-ECB8-4417-AADF-CDEE4433461B}.Release|Any CPU.Build.0 = Release|Any CPU
		{FDE23CB7-8A26-4F99-89A0-2D6B9B15EF48}.Debug|Any CPU.ActiveCfg = Debug|Any CPU
		{FDE23CB7-8A26-4F99-89A0-2D6B9B15EF48}.Debug|Any CPU.Build.0 = Debug|Any CPU
		{FDE23CB7-8A26-4F99-89A0-2D6B9B15EF48}.Release|Any CPU.ActiveCfg = Release|Any CPU
		{FDE23CB7-8A26-4F99-89A0-2D6B9B15EF48}.Release|Any CPU.Build.0 = Release|Any CPU
		{D5E43886-53BD-44A0-BED2-63E19D53EE1C}.Debug|Any CPU.ActiveCfg = Debug|Any CPU
		{D5E43886-53BD-44A0-BED2-63E19D53EE1C}.Debug|Any CPU.Build.0 = Debug|Any CPU
		{D5E43886-53BD-44A0-BED2-63E19D53EE1C}.Release|Any CPU.ActiveCfg = Release|Any CPU
		{D5E43886-53BD-44A0-BED2-63E19D53EE1C}.Release|Any CPU.Build.0 = Release|Any CPU
		{066E4B3D-A517-4AC7-81A8-D3B22756CF8A}.Debug|Any CPU.ActiveCfg = Debug|Any CPU
		{066E4B3D-A517-4AC7-81A8-D3B22756CF8A}.Debug|Any CPU.Build.0 = Debug|Any CPU
		{066E4B3D-A517-4AC7-81A8-D3B22756CF8A}.Release|Any CPU.ActiveCfg = Release|Any CPU
		{066E4B3D-A517-4AC7-81A8-D3B22756CF8A}.Release|Any CPU.Build.0 = Release|Any CPU
		{28A86A78-0D20-44D0-A364-358BB012772D}.Debug|Any CPU.ActiveCfg = Debug|Any CPU
		{28A86A78-0D20-44D0-A364-358BB012772D}.Debug|Any CPU.Build.0 = Debug|Any CPU
		{28A86A78-0D20-44D0-A364-358BB012772D}.Release|Any CPU.ActiveCfg = Release|Any CPU
		{28A86A78-0D20-44D0-A364-358BB012772D}.Release|Any CPU.Build.0 = Release|Any CPU
		{9440551D-EF8B-41E3-8853-C2D1DB7B3164}.Debug|Any CPU.ActiveCfg = Debug|Any CPU
		{9440551D-EF8B-41E3-8853-C2D1DB7B3164}.Debug|Any CPU.Build.0 = Debug|Any CPU
		{9440551D-EF8B-41E3-8853-C2D1DB7B3164}.Release|Any CPU.ActiveCfg = Release|Any CPU
		{9440551D-EF8B-41E3-8853-C2D1DB7B3164}.Release|Any CPU.Build.0 = Release|Any CPU
		{439FEA0F-3778-401D-804F-2565CA5F03CF}.Debug|Any CPU.ActiveCfg = Debug|Any CPU
		{439FEA0F-3778-401D-804F-2565CA5F03CF}.Debug|Any CPU.Build.0 = Debug|Any CPU
		{439FEA0F-3778-401D-804F-2565CA5F03CF}.Release|Any CPU.ActiveCfg = Release|Any CPU
		{439FEA0F-3778-401D-804F-2565CA5F03CF}.Release|Any CPU.Build.0 = Release|Any CPU
		{F4093779-5EF2-4DD7-BB23-7FB110B5F6CC}.Debug|Any CPU.ActiveCfg = Debug|Any CPU
		{F4093779-5EF2-4DD7-BB23-7FB110B5F6CC}.Debug|Any CPU.Build.0 = Debug|Any CPU
		{F4093779-5EF2-4DD7-BB23-7FB110B5F6CC}.Release|Any CPU.ActiveCfg = Release|Any CPU
		{F4093779-5EF2-4DD7-BB23-7FB110B5F6CC}.Release|Any CPU.Build.0 = Release|Any CPU
		{0195B40F-DC81-4EC2-8CBD-E78CBBCCC7ED}.Debug|Any CPU.ActiveCfg = Debug|Any CPU
		{0195B40F-DC81-4EC2-8CBD-E78CBBCCC7ED}.Debug|Any CPU.Build.0 = Debug|Any CPU
		{0195B40F-DC81-4EC2-8CBD-E78CBBCCC7ED}.Release|Any CPU.ActiveCfg = Release|Any CPU
		{0195B40F-DC81-4EC2-8CBD-E78CBBCCC7ED}.Release|Any CPU.Build.0 = Release|Any CPU
		{3E522912-A562-4964-9EF9-C3E610CFFACA}.Debug|Any CPU.ActiveCfg = Debug|Any CPU
		{3E522912-A562-4964-9EF9-C3E610CFFACA}.Debug|Any CPU.Build.0 = Debug|Any CPU
		{3E522912-A562-4964-9EF9-C3E610CFFACA}.Release|Any CPU.ActiveCfg = Release|Any CPU
		{3E522912-A562-4964-9EF9-C3E610CFFACA}.Release|Any CPU.Build.0 = Release|Any CPU
		{AB81D340-970B-40E1-9FF2-9D8B9501FCCB}.Debug|Any CPU.ActiveCfg = Debug|Any CPU
		{AB81D340-970B-40E1-9FF2-9D8B9501FCCB}.Debug|Any CPU.Build.0 = Debug|Any CPU
		{AB81D340-970B-40E1-9FF2-9D8B9501FCCB}.Release|Any CPU.ActiveCfg = Release|Any CPU
		{AB81D340-970B-40E1-9FF2-9D8B9501FCCB}.Release|Any CPU.Build.0 = Release|Any CPU
		{182F5F89-D3C1-4442-8A3A-19D472C97B11}.Debug|Any CPU.ActiveCfg = Debug|Any CPU
		{182F5F89-D3C1-4442-8A3A-19D472C97B11}.Debug|Any CPU.Build.0 = Debug|Any CPU
		{182F5F89-D3C1-4442-8A3A-19D472C97B11}.Release|Any CPU.ActiveCfg = Release|Any CPU
		{182F5F89-D3C1-4442-8A3A-19D472C97B11}.Release|Any CPU.Build.0 = Release|Any CPU
		{532D37BB-B426-4570-B323-EAE589FB21E2}.Debug|Any CPU.ActiveCfg = Debug|Any CPU
		{532D37BB-B426-4570-B323-EAE589FB21E2}.Debug|Any CPU.Build.0 = Debug|Any CPU
		{532D37BB-B426-4570-B323-EAE589FB21E2}.Release|Any CPU.ActiveCfg = Release|Any CPU
		{532D37BB-B426-4570-B323-EAE589FB21E2}.Release|Any CPU.Build.0 = Release|Any CPU
		{8DAD24F0-3606-4B87-B58D-99607F5DA006}.Debug|Any CPU.ActiveCfg = Debug|Any CPU
		{8DAD24F0-3606-4B87-B58D-99607F5DA006}.Debug|Any CPU.Build.0 = Debug|Any CPU
		{8DAD24F0-3606-4B87-B58D-99607F5DA006}.Release|Any CPU.ActiveCfg = Release|Any CPU
		{8DAD24F0-3606-4B87-B58D-99607F5DA006}.Release|Any CPU.Build.0 = Release|Any CPU
	EndGlobalSection
	GlobalSection(SolutionProperties) = preSolution
		HideSolutionNode = FALSE
	EndGlobalSection
EndGlobal
