
Microsoft Visual Studio Solution File, Format Version 12.00
# Visual Studio 14
VisualStudioVersion = 14.0.25420.1
MinimumVisualStudioVersion = 10.0.40219.1
Project("{FAE04EC0-301F-11D3-BF4B-00C04F79EFBC}") = "PracticeIntegerNumbers", "PracticeIntegerNumbers\PracticeIntegerNumbers.csproj", "{87FC11F1-8E65-4B7B-A1EB-6B70363BB90C}"
EndProject
Project("{FAE04EC0-301F-11D3-BF4B-00C04F79EFBC}") = "PracticeFloatingPointNumbers", "PracticeFloatingPointNumbers\PracticeFloatingPointNumbers.csproj", "{4CB23763-056D-4C2D-B4AF-9EF3A85EC854}"
EndProject
Project("{FAE04EC0-301F-11D3-BF4B-00C04F79EFBC}") = "ExchangeVariableValues", "ExchangeVariableValues\ExchangeVariableValues.csproj", "{5398BEBB-5889-4815-BE43-11B0ED42DD02}"
EndProject
Project("{FAE04EC0-301F-11D3-BF4B-00C04F79EFBC}") = "FloatOrInteger", "FloatOrInteger\FloatOrInteger.csproj", "{0F56B6F9-ECB8-4417-AADF-CDEE4433461B}"
EndProject
Project("{FAE04EC0-301F-11D3-BF4B-00C04F79EFBC}") = "DistanceOfTheStars", "DistanceOfTheStars\DistanceOfTheStars.csproj", "{FDE23CB7-8A26-4F99-89A0-2D6B9B15EF48}"
EndProject
Project("{FAE04EC0-301F-11D3-BF4B-00C04F79EFBC}") = "IncrementVariable", "IncrementVariable\IncrementVariable.csproj", "{D5E43886-53BD-44A0-BED2-63E19D53EE1C}"
EndProject
Project("{FAE04EC0-301F-11D3-BF4B-00C04F79EFBC}") = "FromTerabytesToBits", "FromTerabytesToBits\FromTerabytesToBits.csproj", "{066E4B3D-A517-4AC7-81A8-D3B22756CF8A}"
EndProject
Project("{FAE04EC0-301F-11D3-BF4B-00C04F79EFBC}") = "TravellingAtLightSpeed", "TravellingAtLightSpeed\TravellingAtLightSpeed.csproj", "{28A86A78-0D20-44D0-A364-358BB012772D}"
EndProject
Global
	GlobalSection(SolutionConfigurationPlatforms) = preSolution
		Debug|Any CPU = Debug|Any CPU
		Release|Any CPU = Release|Any CPU
	EndGlobalSection
	GlobalSection(ProjectConfigurationPlatforms) = postSolution
		{87FC11F1-8E65-4B7B-A1EB-6B70363BB90C}.Debug|Any CPU.ActiveCfg = Debug|Any CPU
		{87FC11F1-8E65-4B7B-A1EB-6B70363BB90C}.Debug|Any CPU.Build.0 = Debug|Any CPU
		{87FC11F1-8E65-4B7B-A1EB-6B70363BB90C}.Release|Any CPU.ActiveCfg = Release|Any CPU
		{87FC11F1-8E65-4B7B-A1EB-6B70363BB90C}.Release|Any CPU.Build.0 = Release|Any CPU
		{4CB23763-056D-4C2D-B4AF-9EF3A85EC854}.Debug|Any CPU.ActiveCfg = Debug|Any CPU
		{4CB23763-056D-4C2D-B4AF-9EF3A85EC854}.Debug|Any CPU.Build.0 = Debug|Any CPU
		{4CB23763-056D-4C2D-B4AF-9EF3A85EC854}.Release|Any CPU.ActiveCfg = Release|Any CPU
		{4CB23763-056D-4C2D-B4AF-9EF3A85EC854}.Release|Any CPU.Build.0 = Release|Any CPU
		{5398BEBB-5889-4815-BE43-11B0ED42DD02}.Debug|Any CPU.ActiveCfg = Debug|Any CPU
		{5398BEBB-5889-4815-BE43-11B0ED42DD02}.Debug|Any CPU.Build.0 = Debug|Any CPU
		{5398BEBB-5889-4815-BE43-11B0ED42DD02}.Release|Any CPU.ActiveCfg = Release|Any CPU
		{5398BEBB-5889-4815-BE43-11B0ED42DD02}.Release|Any CPU.Build.0 = Release|Any CPU
		{0F56B6F9-ECB8-4417-AADF-CDEE4433461B}.Debug|Any CPU.ActiveCfg = Debug|Any CPU
		{0F56B6F9-ECB8-4417-AADF-CDEE4433461B}.Debug|Any CPU.Build.0 = Debug|Any CPU
		{0F56B6F9-ECB8-4417-AADF-CDEE4433461B}.Release|Any CPU.ActiveCfg = Release|Any CPU
		{0F56B6F9-ECB8-4417-AADF-CDEE4433461B}.Release|Any CPU.Build.0 = Release|Any CPU
		{FDE23CB7-8A26-4F99-89A0-2D6B9B15EF48}.Debug|Any CPU.ActiveCfg = Debug|Any CPU
		{FDE23CB7-8A26-4F99-89A0-2D6B9B15EF48}.Debug|Any CPU.Build.0 = Debug|Any CPU
		{FDE23CB7-8A26-4F99-89A0-2D6B9B15EF48}.Release|Any CPU.ActiveCfg = Release|Any CPU
		{FDE23CB7-8A26-4F99-89A0-2D6B9B15EF48}.Release|Any CPU.Build.0 = Release|Any CPU
		{D5E43886-53BD-44A0-BED2-63E19D53EE1C}.Debug|Any CPU.ActiveCfg = Debug|Any CPU
		{D5E43886-53BD-44A0-BED2-63E19D53EE1C}.Debug|Any CPU.Build.0 = Debug|Any CPU
		{D5E43886-53BD-44A0-BED2-63E19D53EE1C}.Release|Any CPU.ActiveCfg = Release|Any CPU
		{D5E43886-53BD-44A0-BED2-63E19D53EE1C}.Release|Any CPU.Build.0 = Release|Any CPU
		{066E4B3D-A517-4AC7-81A8-D3B22756CF8A}.Debug|Any CPU.ActiveCfg = Debug|Any CPU
		{066E4B3D-A517-4AC7-81A8-D3B22756CF8A}.Debug|Any CPU.Build.0 = Debug|Any CPU
		{066E4B3D-A517-4AC7-81A8-D3B22756CF8A}.Release|Any CPU.ActiveCfg = Release|Any CPU
		{066E4B3D-A517-4AC7-81A8-D3B22756CF8A}.Release|Any CPU.Build.0 = Release|Any CPU
		{28A86A78-0D20-44D0-A364-358BB012772D}.Debug|Any CPU.ActiveCfg = Debug|Any CPU
		{28A86A78-0D20-44D0-A364-358BB012772D}.Debug|Any CPU.Build.0 = Debug|Any CPU
		{28A86A78-0D20-44D0-A364-358BB012772D}.Release|Any CPU.ActiveCfg = Release|Any CPU
		{28A86A78-0D20-44D0-A364-358BB012772D}.Release|Any CPU.Build.0 = Release|Any CPU
	EndGlobalSection
	GlobalSection(SolutionProperties) = preSolution
		HideSolutionNode = FALSE
	EndGlobalSection
EndGlobal
