
Microsoft Visual Studio Solution File, Format Version 12.00
# Visual Studio 14
VisualStudioVersion = 14.0.25420.1
MinimumVisualStudioVersion = 10.0.40219.1
Project("{FAE04EC0-301F-11D3-BF4B-00C04F79EFBC}") = "CenturiesToMinutes", "CenturiesToMinutes\CenturiesToMinutes.csproj", "{3C4E5F4E-0C61-4760-8F30-6EB69B1F53F0}"
EndProject
Project("{FAE04EC0-301F-11D3-BF4B-00C04F79EFBC}") = "CircleAreaPrecision12", "CircleAreaPrecision12\CircleAreaPrecision12.csproj", "{ACA08442-40BB-4A18-ADF5-8A395B60F099}"
EndProject
Project("{FAE04EC0-301F-11D3-BF4B-00C04F79EFBC}") = "ExactSumOfRealNumbers", "ExactSumOfRealNumbers\ExactSumOfRealNumbers.csproj", "{E7CC1AF5-7451-42A9-8731-A9E41B02C898}"
EndProject
Project("{FAE04EC0-301F-11D3-BF4B-00C04F79EFBC}") = "Elevator", "Elevator\Elevator.csproj", "{18CFD3D9-F069-43BF-969C-246AD60A5CD0}"
EndProject
Project("{FAE04EC0-301F-11D3-BF4B-00C04F79EFBC}") = "SpecialNumbers", "SpecialNumbers\SpecialNumbers.csproj", "{3FAEEA1F-0149-40AF-A0B1-8BE70D398C7B}"
EndProject
Project("{FAE04EC0-301F-11D3-BF4B-00C04F79EFBC}") = "TriplesOfLatinLetters", "TriplesOfLatinLetters\TriplesOfLatinLetters.csproj", "{799E6C4A-75AC-421B-BB11-AF1090A2483D}"
EndProject
Project("{FAE04EC0-301F-11D3-BF4B-00C04F79EFBC}") = "Greeting", "Greeting\Greeting.csproj", "{AEC02490-53E6-4344-BD58-6FB4C565FC14}"
EndProject
Project("{FAE04EC0-301F-11D3-BF4B-00C04F79EFBC}") = "RefactorVolumeOfPyramid", "RefactorVolumeOfPyramid\RefactorVolumeOfPyramid.csproj", "{74829E8A-9467-4972-A50A-C5778BEC652E}"
EndProject
Project("{FAE04EC0-301F-11D3-BF4B-00C04F79EFBC}") = "RefactorSpecialNumbers", "RefactorSpecialNumbers\RefactorSpecialNumbers.csproj", "{0BC8CB99-E833-426C-A1F3-4802E678247D}"
EndProject
Global
	GlobalSection(SolutionConfigurationPlatforms) = preSolution
		Debug|Any CPU = Debug|Any CPU
		Release|Any CPU = Release|Any CPU
	EndGlobalSection
	GlobalSection(ProjectConfigurationPlatforms) = postSolution
		{3C4E5F4E-0C61-4760-8F30-6EB69B1F53F0}.Debug|Any CPU.ActiveCfg = Debug|Any CPU
		{3C4E5F4E-0C61-4760-8F30-6EB69B1F53F0}.Debug|Any CPU.Build.0 = Debug|Any CPU
		{3C4E5F4E-0C61-4760-8F30-6EB69B1F53F0}.Release|Any CPU.ActiveCfg = Release|Any CPU
		{3C4E5F4E-0C61-4760-8F30-6EB69B1F53F0}.Release|Any CPU.Build.0 = Release|Any CPU
		{ACA08442-40BB-4A18-ADF5-8A395B60F099}.Debug|Any CPU.ActiveCfg = Debug|Any CPU
		{ACA08442-40BB-4A18-ADF5-8A395B60F099}.Debug|Any CPU.Build.0 = Debug|Any CPU
		{ACA08442-40BB-4A18-ADF5-8A395B60F099}.Release|Any CPU.ActiveCfg = Release|Any CPU
		{ACA08442-40BB-4A18-ADF5-8A395B60F099}.Release|Any CPU.Build.0 = Release|Any CPU
		{E7CC1AF5-7451-42A9-8731-A9E41B02C898}.Debug|Any CPU.ActiveCfg = Debug|Any CPU
		{E7CC1AF5-7451-42A9-8731-A9E41B02C898}.Debug|Any CPU.Build.0 = Debug|Any CPU
		{E7CC1AF5-7451-42A9-8731-A9E41B02C898}.Release|Any CPU.ActiveCfg = Release|Any CPU
		{E7CC1AF5-7451-42A9-8731-A9E41B02C898}.Release|Any CPU.Build.0 = Release|Any CPU
		{18CFD3D9-F069-43BF-969C-246AD60A5CD0}.Debug|Any CPU.ActiveCfg = Debug|Any CPU
		{18CFD3D9-F069-43BF-969C-246AD60A5CD0}.Debug|Any CPU.Build.0 = Debug|Any CPU
		{18CFD3D9-F069-43BF-969C-246AD60A5CD0}.Release|Any CPU.ActiveCfg = Release|Any CPU
		{18CFD3D9-F069-43BF-969C-246AD60A5CD0}.Release|Any CPU.Build.0 = Release|Any CPU
		{3FAEEA1F-0149-40AF-A0B1-8BE70D398C7B}.Debug|Any CPU.ActiveCfg = Debug|Any CPU
		{3FAEEA1F-0149-40AF-A0B1-8BE70D398C7B}.Debug|Any CPU.Build.0 = Debug|Any CPU
		{3FAEEA1F-0149-40AF-A0B1-8BE70D398C7B}.Release|Any CPU.ActiveCfg = Release|Any CPU
		{3FAEEA1F-0149-40AF-A0B1-8BE70D398C7B}.Release|Any CPU.Build.0 = Release|Any CPU
		{799E6C4A-75AC-421B-BB11-AF1090A2483D}.Debug|Any CPU.ActiveCfg = Debug|Any CPU
		{799E6C4A-75AC-421B-BB11-AF1090A2483D}.Debug|Any CPU.Build.0 = Debug|Any CPU
		{799E6C4A-75AC-421B-BB11-AF1090A2483D}.Release|Any CPU.ActiveCfg = Release|Any CPU
		{799E6C4A-75AC-421B-BB11-AF1090A2483D}.Release|Any CPU.Build.0 = Release|Any CPU
		{AEC02490-53E6-4344-BD58-6FB4C565FC14}.Debug|Any CPU.ActiveCfg = Debug|Any CPU
		{AEC02490-53E6-4344-BD58-6FB4C565FC14}.Debug|Any CPU.Build.0 = Debug|Any CPU
		{AEC02490-53E6-4344-BD58-6FB4C565FC14}.Release|Any CPU.ActiveCfg = Release|Any CPU
		{AEC02490-53E6-4344-BD58-6FB4C565FC14}.Release|Any CPU.Build.0 = Release|Any CPU
		{74829E8A-9467-4972-A50A-C5778BEC652E}.Debug|Any CPU.ActiveCfg = Debug|Any CPU
		{74829E8A-9467-4972-A50A-C5778BEC652E}.Debug|Any CPU.Build.0 = Debug|Any CPU
		{74829E8A-9467-4972-A50A-C5778BEC652E}.Release|Any CPU.ActiveCfg = Release|Any CPU
		{74829E8A-9467-4972-A50A-C5778BEC652E}.Release|Any CPU.Build.0 = Release|Any CPU
		{0BC8CB99-E833-426C-A1F3-4802E678247D}.Debug|Any CPU.ActiveCfg = Debug|Any CPU
		{0BC8CB99-E833-426C-A1F3-4802E678247D}.Debug|Any CPU.Build.0 = Debug|Any CPU
		{0BC8CB99-E833-426C-A1F3-4802E678247D}.Release|Any CPU.ActiveCfg = Release|Any CPU
		{0BC8CB99-E833-426C-A1F3-4802E678247D}.Release|Any CPU.Build.0 = Release|Any CPU
	EndGlobalSection
	GlobalSection(SolutionProperties) = preSolution
		HideSolutionNode = FALSE
	EndGlobalSection
EndGlobal
