
Microsoft Visual Studio Solution File, Format Version 12.00
# Visual Studio 14
VisualStudioVersion = 14.0.25420.1
MinimumVisualStudioVersion = 10.0.40219.1
Project("{FAE04EC0-301F-11D3-BF4B-00C04F79EFBC}") = "ExcellentResults", "ExcellentResults\ExcellentResults.csproj", "{25418FFA-F159-4C6B-86B1-D063FE6E89EC}"
EndProject
Project("{FAE04EC0-301F-11D3-BF4B-00C04F79EFBC}") = "ExcellentOrNot", "ExcellentOrNot\ExcellentOrNot.csproj", "{FFC86EE3-A519-4E83-8C06-DC4C39A94B68}"
EndProject
Project("{FAE04EC0-301F-11D3-BF4B-00C04F79EFBC}") = "EvenOrOdd", "EvenOrOdd\EvenOrOdd.csproj", "{0A8E8C7F-4701-4C31-8F4D-EA8C86EC5A2F}"
EndProject
Project("{FAE04EC0-301F-11D3-BF4B-00C04F79EFBC}") = "NumberToText", "NumberToText\NumberToText.csproj", "{2639C0F8-8A75-48D9-BC9C-ABB22186F6C7}"
EndProject
Project("{FAE04EC0-301F-11D3-BF4B-00C04F79EFBC}") = "SmallShop", "SmallShop\SmallShop.csproj", "{DCA59930-DE81-4A1C-B96B-E01B3319F9D6}"
EndProject
Project("{FAE04EC0-301F-11D3-BF4B-00C04F79EFBC}") = "PointInRectangle", "PointInRectangle\PointInRectangle.csproj", "{E1ECAA49-6E3C-4EB0-BF98-2273F3D35E7D}"
EndProject
Project("{FAE04EC0-301F-11D3-BF4B-00C04F79EFBC}") = "FruitOrVegetable", "FruitOrVegetable\FruitOrVegetable.csproj", "{0900D536-F436-4EE1-B76F-6793193C46B6}"
EndProject
Project("{FAE04EC0-301F-11D3-BF4B-00C04F79EFBC}") = "BonusScore", "BonusScore\BonusScore.csproj", "{48FF1E8A-A8AB-42B5-AF78-718E0A8D68E9}"
EndProject
Project("{FAE04EC0-301F-11D3-BF4B-00C04F79EFBC}") = "MetricConverter", "MetricConverter\MetricConverter.csproj", "{59756C58-DA78-4CED-8925-E91EB40A11C8}"
EndProject
Project("{FAE04EC0-301F-11D3-BF4B-00C04F79EFBC}") = "EqualWords", "EqualWords\EqualWords.csproj", "{FB57ED0A-2566-481E-9585-5AD90FD51A03}"
EndProject
Project("{FAE04EC0-301F-11D3-BF4B-00C04F79EFBC}") = "AreaOfFigures", "AreaOfFigures\AreaOfFigures.csproj", "{39DC4128-0F56-43CE-8B24-F4FF3F28639B}"
EndProject
Project("{FAE04EC0-301F-11D3-BF4B-00C04F79EFBC}") = "TimePlusMinutes", "TimePlusMinutes\TimePlusMinutes.csproj", "{2094685E-B529-4468-8BEB-277FE074F914}"
EndProject
Project("{FAE04EC0-301F-11D3-BF4B-00C04F79EFBC}") = "PersonalTitles", "PersonalTitles\PersonalTitles.csproj", "{C30AD67C-AB95-4E05-9CB0-800A18027343}"
EndProject
Project("{FAE04EC0-301F-11D3-BF4B-00C04F79EFBC}") = "PointOnRectangleBorder", "PointOnRectangleBorder\PointOnRectangleBorder.csproj", "{2191E188-4784-47FD-A115-F2BCA6B490DA}"
EndProject
Project("{FAE04EC0-301F-11D3-BF4B-00C04F79EFBC}") = "FruitShop", "FruitShop\FruitShop.csproj", "{ABE4EFCE-7035-43C3-B0DF-F4F61A863811}"
EndProject
Project("{FAE04EC0-301F-11D3-BF4B-00C04F79EFBC}") = "TradeComissions", "TradeComissions\TradeComissions.csproj", "{2C2158BF-ED7D-43CD-B7B0-9818B0B925D8}"
EndProject
Project("{FAE04EC0-301F-11D3-BF4B-00C04F79EFBC}") = "Cinema", "Cinema\Cinema.csproj", "{A0377869-A224-40D3-8AD3-FFA71BB6F342}"
EndProject
Project("{FAE04EC0-301F-11D3-BF4B-00C04F79EFBC}") = "NumbersFrom1to100", "NumbersFrom1to100\NumbersFrom1to100.csproj", "{FABECC7C-DF83-420E-B754-B66FADE44F4C}"
EndProject
Project("{FAE04EC0-301F-11D3-BF4B-00C04F79EFBC}") = "NumbersTo1000EndingWith7", "NumbersTo1000EndingWith7\NumbersTo1000EndingWith7.csproj", "{F28620BC-B16B-46D7-9597-F9A84732C8BD}"
EndProject
Project("{FAE04EC0-301F-11D3-BF4B-00C04F79EFBC}") = "SumNumbers", "SumNumbers\SumNumbers.csproj", "{82E34D68-BB95-4CC2-AB2B-CEB8C8AB503D}"
EndProject
Project("{FAE04EC0-301F-11D3-BF4B-00C04F79EFBC}") = "MaxNumber", "MaxNumber\MaxNumber.csproj", "{41441EA5-FEC5-45F8-B628-FA6CF8392D2F}"
EndProject
Project("{FAE04EC0-301F-11D3-BF4B-00C04F79EFBC}") = "LeftAndRightSum", "LeftAndRightSum\LeftAndRightSum.csproj", "{694EE9D1-BEBA-45F8-A5BA-4BD7CBC7B329}"
EndProject
Project("{FAE04EC0-301F-11D3-BF4B-00C04F79EFBC}") = "NumbersFrom1To3WithStep3", "NumbersFrom1To3WithStep3\NumbersFrom1To3WithStep3.csproj", "{23591977-24C6-476F-9AF0-4645ADED3E4E}"
EndProject
Project("{FAE04EC0-301F-11D3-BF4B-00C04F79EFBC}") = "NumbersFromNTo1Backwards", "NumbersFromNTo1Backwards\NumbersFromNTo1Backwards.csproj", "{33AFBDC3-4A39-46D8-9723-13F2578CA35F}"
EndProject
Project("{FAE04EC0-301F-11D3-BF4B-00C04F79EFBC}") = "NumbersFrom2^0To2^N", "NumbersFrom2^0To2^N\NumbersFrom2^0To2^N.csproj", "{EB25BF4F-A0D9-44F7-9D29-FE063126D856}"
EndProject
Project("{FAE04EC0-301F-11D3-BF4B-00C04F79EFBC}") = "Sequence2kPlus1", "Sequence2kPlus1\Sequence2kPlus1.csproj", "{CB2A67AF-BBFC-49DD-AC42-A1D78CF96185}"
EndProject
Project("{FAE04EC0-301F-11D3-BF4B-00C04F79EFBC}") = "Factorial", "Factorial\Factorial.csproj", "{F622B4DA-072E-4F41-B29E-979BCB4FEA43}"
EndProject
Project("{FAE04EC0-301F-11D3-BF4B-00C04F79EFBC}") = "SumDigitsOfANumber", "SumDigitsOfANumber\SumDigitsOfANumber.csproj", "{C3D461C5-3650-4A2D-9B1A-974B1D8010CE}"
EndProject
Project("{FAE04EC0-301F-11D3-BF4B-00C04F79EFBC}") = "LatinLetters", "LatinLetters\LatinLetters.csproj", "{09648EA4-9DA1-4D8F-BFDE-55E7DF246BAC}"
EndProject
Project("{FAE04EC0-301F-11D3-BF4B-00C04F79EFBC}") = "MinNumber", "MinNumber\MinNumber.csproj", "{AFDEBCCB-9469-41B1-9755-B376989A4DA0}"
EndProject
Project("{FAE04EC0-301F-11D3-BF4B-00C04F79EFBC}") = "EvenOddSum", "EvenOddSum\EvenOddSum.csproj", "{18B2F761-F93B-4A89-8541-37180C32476C}"
EndProject
Global
	GlobalSection(SolutionConfigurationPlatforms) = preSolution
		Debug|Any CPU = Debug|Any CPU
		Release|Any CPU = Release|Any CPU
	EndGlobalSection
	GlobalSection(ProjectConfigurationPlatforms) = postSolution
		{25418FFA-F159-4C6B-86B1-D063FE6E89EC}.Debug|Any CPU.ActiveCfg = Debug|Any CPU
		{25418FFA-F159-4C6B-86B1-D063FE6E89EC}.Debug|Any CPU.Build.0 = Debug|Any CPU
		{25418FFA-F159-4C6B-86B1-D063FE6E89EC}.Release|Any CPU.ActiveCfg = Release|Any CPU
		{25418FFA-F159-4C6B-86B1-D063FE6E89EC}.Release|Any CPU.Build.0 = Release|Any CPU
		{FFC86EE3-A519-4E83-8C06-DC4C39A94B68}.Debug|Any CPU.ActiveCfg = Debug|Any CPU
		{FFC86EE3-A519-4E83-8C06-DC4C39A94B68}.Debug|Any CPU.Build.0 = Debug|Any CPU
		{FFC86EE3-A519-4E83-8C06-DC4C39A94B68}.Release|Any CPU.ActiveCfg = Release|Any CPU
		{FFC86EE3-A519-4E83-8C06-DC4C39A94B68}.Release|Any CPU.Build.0 = Release|Any CPU
		{0A8E8C7F-4701-4C31-8F4D-EA8C86EC5A2F}.Debug|Any CPU.ActiveCfg = Debug|Any CPU
		{0A8E8C7F-4701-4C31-8F4D-EA8C86EC5A2F}.Debug|Any CPU.Build.0 = Debug|Any CPU
		{0A8E8C7F-4701-4C31-8F4D-EA8C86EC5A2F}.Release|Any CPU.ActiveCfg = Release|Any CPU
		{0A8E8C7F-4701-4C31-8F4D-EA8C86EC5A2F}.Release|Any CPU.Build.0 = Release|Any CPU
		{2639C0F8-8A75-48D9-BC9C-ABB22186F6C7}.Debug|Any CPU.ActiveCfg = Debug|Any CPU
		{2639C0F8-8A75-48D9-BC9C-ABB22186F6C7}.Debug|Any CPU.Build.0 = Debug|Any CPU
		{2639C0F8-8A75-48D9-BC9C-ABB22186F6C7}.Release|Any CPU.ActiveCfg = Release|Any CPU
		{2639C0F8-8A75-48D9-BC9C-ABB22186F6C7}.Release|Any CPU.Build.0 = Release|Any CPU
		{DCA59930-DE81-4A1C-B96B-E01B3319F9D6}.Debug|Any CPU.ActiveCfg = Debug|Any CPU
		{DCA59930-DE81-4A1C-B96B-E01B3319F9D6}.Debug|Any CPU.Build.0 = Debug|Any CPU
		{DCA59930-DE81-4A1C-B96B-E01B3319F9D6}.Release|Any CPU.ActiveCfg = Release|Any CPU
		{DCA59930-DE81-4A1C-B96B-E01B3319F9D6}.Release|Any CPU.Build.0 = Release|Any CPU
		{E1ECAA49-6E3C-4EB0-BF98-2273F3D35E7D}.Debug|Any CPU.ActiveCfg = Debug|Any CPU
		{E1ECAA49-6E3C-4EB0-BF98-2273F3D35E7D}.Debug|Any CPU.Build.0 = Debug|Any CPU
		{E1ECAA49-6E3C-4EB0-BF98-2273F3D35E7D}.Release|Any CPU.ActiveCfg = Release|Any CPU
		{E1ECAA49-6E3C-4EB0-BF98-2273F3D35E7D}.Release|Any CPU.Build.0 = Release|Any CPU
		{0900D536-F436-4EE1-B76F-6793193C46B6}.Debug|Any CPU.ActiveCfg = Debug|Any CPU
		{0900D536-F436-4EE1-B76F-6793193C46B6}.Debug|Any CPU.Build.0 = Debug|Any CPU
		{0900D536-F436-4EE1-B76F-6793193C46B6}.Release|Any CPU.ActiveCfg = Release|Any CPU
		{0900D536-F436-4EE1-B76F-6793193C46B6}.Release|Any CPU.Build.0 = Release|Any CPU
		{48FF1E8A-A8AB-42B5-AF78-718E0A8D68E9}.Debug|Any CPU.ActiveCfg = Debug|Any CPU
		{48FF1E8A-A8AB-42B5-AF78-718E0A8D68E9}.Debug|Any CPU.Build.0 = Debug|Any CPU
		{48FF1E8A-A8AB-42B5-AF78-718E0A8D68E9}.Release|Any CPU.ActiveCfg = Release|Any CPU
		{48FF1E8A-A8AB-42B5-AF78-718E0A8D68E9}.Release|Any CPU.Build.0 = Release|Any CPU
		{59756C58-DA78-4CED-8925-E91EB40A11C8}.Debug|Any CPU.ActiveCfg = Debug|Any CPU
		{59756C58-DA78-4CED-8925-E91EB40A11C8}.Debug|Any CPU.Build.0 = Debug|Any CPU
		{59756C58-DA78-4CED-8925-E91EB40A11C8}.Release|Any CPU.ActiveCfg = Release|Any CPU
		{59756C58-DA78-4CED-8925-E91EB40A11C8}.Release|Any CPU.Build.0 = Release|Any CPU
		{FB57ED0A-2566-481E-9585-5AD90FD51A03}.Debug|Any CPU.ActiveCfg = Debug|Any CPU
		{FB57ED0A-2566-481E-9585-5AD90FD51A03}.Debug|Any CPU.Build.0 = Debug|Any CPU
		{FB57ED0A-2566-481E-9585-5AD90FD51A03}.Release|Any CPU.ActiveCfg = Release|Any CPU
		{FB57ED0A-2566-481E-9585-5AD90FD51A03}.Release|Any CPU.Build.0 = Release|Any CPU
		{39DC4128-0F56-43CE-8B24-F4FF3F28639B}.Debug|Any CPU.ActiveCfg = Debug|Any CPU
		{39DC4128-0F56-43CE-8B24-F4FF3F28639B}.Debug|Any CPU.Build.0 = Debug|Any CPU
		{39DC4128-0F56-43CE-8B24-F4FF3F28639B}.Release|Any CPU.ActiveCfg = Release|Any CPU
		{39DC4128-0F56-43CE-8B24-F4FF3F28639B}.Release|Any CPU.Build.0 = Release|Any CPU
		{2094685E-B529-4468-8BEB-277FE074F914}.Debug|Any CPU.ActiveCfg = Debug|Any CPU
		{2094685E-B529-4468-8BEB-277FE074F914}.Debug|Any CPU.Build.0 = Debug|Any CPU
		{2094685E-B529-4468-8BEB-277FE074F914}.Release|Any CPU.ActiveCfg = Release|Any CPU
		{2094685E-B529-4468-8BEB-277FE074F914}.Release|Any CPU.Build.0 = Release|Any CPU
		{C30AD67C-AB95-4E05-9CB0-800A18027343}.Debug|Any CPU.ActiveCfg = Debug|Any CPU
		{C30AD67C-AB95-4E05-9CB0-800A18027343}.Debug|Any CPU.Build.0 = Debug|Any CPU
		{C30AD67C-AB95-4E05-9CB0-800A18027343}.Release|Any CPU.ActiveCfg = Release|Any CPU
		{C30AD67C-AB95-4E05-9CB0-800A18027343}.Release|Any CPU.Build.0 = Release|Any CPU
		{2191E188-4784-47FD-A115-F2BCA6B490DA}.Debug|Any CPU.ActiveCfg = Debug|Any CPU
		{2191E188-4784-47FD-A115-F2BCA6B490DA}.Debug|Any CPU.Build.0 = Debug|Any CPU
		{2191E188-4784-47FD-A115-F2BCA6B490DA}.Release|Any CPU.ActiveCfg = Release|Any CPU
		{2191E188-4784-47FD-A115-F2BCA6B490DA}.Release|Any CPU.Build.0 = Release|Any CPU
		{ABE4EFCE-7035-43C3-B0DF-F4F61A863811}.Debug|Any CPU.ActiveCfg = Debug|Any CPU
		{ABE4EFCE-7035-43C3-B0DF-F4F61A863811}.Debug|Any CPU.Build.0 = Debug|Any CPU
		{ABE4EFCE-7035-43C3-B0DF-F4F61A863811}.Release|Any CPU.ActiveCfg = Release|Any CPU
		{ABE4EFCE-7035-43C3-B0DF-F4F61A863811}.Release|Any CPU.Build.0 = Release|Any CPU
		{2C2158BF-ED7D-43CD-B7B0-9818B0B925D8}.Debug|Any CPU.ActiveCfg = Debug|Any CPU
		{2C2158BF-ED7D-43CD-B7B0-9818B0B925D8}.Debug|Any CPU.Build.0 = Debug|Any CPU
		{2C2158BF-ED7D-43CD-B7B0-9818B0B925D8}.Release|Any CPU.ActiveCfg = Release|Any CPU
		{2C2158BF-ED7D-43CD-B7B0-9818B0B925D8}.Release|Any CPU.Build.0 = Release|Any CPU
		{A0377869-A224-40D3-8AD3-FFA71BB6F342}.Debug|Any CPU.ActiveCfg = Debug|Any CPU
		{A0377869-A224-40D3-8AD3-FFA71BB6F342}.Debug|Any CPU.Build.0 = Debug|Any CPU
		{A0377869-A224-40D3-8AD3-FFA71BB6F342}.Release|Any CPU.ActiveCfg = Release|Any CPU
		{A0377869-A224-40D3-8AD3-FFA71BB6F342}.Release|Any CPU.Build.0 = Release|Any CPU
		{FABECC7C-DF83-420E-B754-B66FADE44F4C}.Debug|Any CPU.ActiveCfg = Debug|Any CPU
		{FABECC7C-DF83-420E-B754-B66FADE44F4C}.Debug|Any CPU.Build.0 = Debug|Any CPU
		{FABECC7C-DF83-420E-B754-B66FADE44F4C}.Release|Any CPU.ActiveCfg = Release|Any CPU
		{FABECC7C-DF83-420E-B754-B66FADE44F4C}.Release|Any CPU.Build.0 = Release|Any CPU
		{F28620BC-B16B-46D7-9597-F9A84732C8BD}.Debug|Any CPU.ActiveCfg = Debug|Any CPU
		{F28620BC-B16B-46D7-9597-F9A84732C8BD}.Debug|Any CPU.Build.0 = Debug|Any CPU
		{F28620BC-B16B-46D7-9597-F9A84732C8BD}.Release|Any CPU.ActiveCfg = Release|Any CPU
		{F28620BC-B16B-46D7-9597-F9A84732C8BD}.Release|Any CPU.Build.0 = Release|Any CPU
		{82E34D68-BB95-4CC2-AB2B-CEB8C8AB503D}.Debug|Any CPU.ActiveCfg = Debug|Any CPU
		{82E34D68-BB95-4CC2-AB2B-CEB8C8AB503D}.Debug|Any CPU.Build.0 = Debug|Any CPU
		{82E34D68-BB95-4CC2-AB2B-CEB8C8AB503D}.Release|Any CPU.ActiveCfg = Release|Any CPU
		{82E34D68-BB95-4CC2-AB2B-CEB8C8AB503D}.Release|Any CPU.Build.0 = Release|Any CPU
		{41441EA5-FEC5-45F8-B628-FA6CF8392D2F}.Debug|Any CPU.ActiveCfg = Debug|Any CPU
		{41441EA5-FEC5-45F8-B628-FA6CF8392D2F}.Debug|Any CPU.Build.0 = Debug|Any CPU
		{41441EA5-FEC5-45F8-B628-FA6CF8392D2F}.Release|Any CPU.ActiveCfg = Release|Any CPU
		{41441EA5-FEC5-45F8-B628-FA6CF8392D2F}.Release|Any CPU.Build.0 = Release|Any CPU
		{694EE9D1-BEBA-45F8-A5BA-4BD7CBC7B329}.Debug|Any CPU.ActiveCfg = Debug|Any CPU
		{694EE9D1-BEBA-45F8-A5BA-4BD7CBC7B329}.Debug|Any CPU.Build.0 = Debug|Any CPU
		{694EE9D1-BEBA-45F8-A5BA-4BD7CBC7B329}.Release|Any CPU.ActiveCfg = Release|Any CPU
		{694EE9D1-BEBA-45F8-A5BA-4BD7CBC7B329}.Release|Any CPU.Build.0 = Release|Any CPU
		{23591977-24C6-476F-9AF0-4645ADED3E4E}.Debug|Any CPU.ActiveCfg = Debug|Any CPU
		{23591977-24C6-476F-9AF0-4645ADED3E4E}.Debug|Any CPU.Build.0 = Debug|Any CPU
		{23591977-24C6-476F-9AF0-4645ADED3E4E}.Release|Any CPU.ActiveCfg = Release|Any CPU
		{23591977-24C6-476F-9AF0-4645ADED3E4E}.Release|Any CPU.Build.0 = Release|Any CPU
		{33AFBDC3-4A39-46D8-9723-13F2578CA35F}.Debug|Any CPU.ActiveCfg = Debug|Any CPU
		{33AFBDC3-4A39-46D8-9723-13F2578CA35F}.Debug|Any CPU.Build.0 = Debug|Any CPU
		{33AFBDC3-4A39-46D8-9723-13F2578CA35F}.Release|Any CPU.ActiveCfg = Release|Any CPU
		{33AFBDC3-4A39-46D8-9723-13F2578CA35F}.Release|Any CPU.Build.0 = Release|Any CPU
		{EB25BF4F-A0D9-44F7-9D29-FE063126D856}.Debug|Any CPU.ActiveCfg = Debug|Any CPU
		{EB25BF4F-A0D9-44F7-9D29-FE063126D856}.Debug|Any CPU.Build.0 = Debug|Any CPU
		{EB25BF4F-A0D9-44F7-9D29-FE063126D856}.Release|Any CPU.ActiveCfg = Release|Any CPU
		{EB25BF4F-A0D9-44F7-9D29-FE063126D856}.Release|Any CPU.Build.0 = Release|Any CPU
		{CB2A67AF-BBFC-49DD-AC42-A1D78CF96185}.Debug|Any CPU.ActiveCfg = Debug|Any CPU
		{CB2A67AF-BBFC-49DD-AC42-A1D78CF96185}.Debug|Any CPU.Build.0 = Debug|Any CPU
		{CB2A67AF-BBFC-49DD-AC42-A1D78CF96185}.Release|Any CPU.ActiveCfg = Release|Any CPU
		{CB2A67AF-BBFC-49DD-AC42-A1D78CF96185}.Release|Any CPU.Build.0 = Release|Any CPU
		{F622B4DA-072E-4F41-B29E-979BCB4FEA43}.Debug|Any CPU.ActiveCfg = Debug|Any CPU
		{F622B4DA-072E-4F41-B29E-979BCB4FEA43}.Debug|Any CPU.Build.0 = Debug|Any CPU
		{F622B4DA-072E-4F41-B29E-979BCB4FEA43}.Release|Any CPU.ActiveCfg = Release|Any CPU
		{F622B4DA-072E-4F41-B29E-979BCB4FEA43}.Release|Any CPU.Build.0 = Release|Any CPU
		{C3D461C5-3650-4A2D-9B1A-974B1D8010CE}.Debug|Any CPU.ActiveCfg = Debug|Any CPU
		{C3D461C5-3650-4A2D-9B1A-974B1D8010CE}.Debug|Any CPU.Build.0 = Debug|Any CPU
		{C3D461C5-3650-4A2D-9B1A-974B1D8010CE}.Release|Any CPU.ActiveCfg = Release|Any CPU
		{C3D461C5-3650-4A2D-9B1A-974B1D8010CE}.Release|Any CPU.Build.0 = Release|Any CPU
		{09648EA4-9DA1-4D8F-BFDE-55E7DF246BAC}.Debug|Any CPU.ActiveCfg = Debug|Any CPU
		{09648EA4-9DA1-4D8F-BFDE-55E7DF246BAC}.Debug|Any CPU.Build.0 = Debug|Any CPU
		{09648EA4-9DA1-4D8F-BFDE-55E7DF246BAC}.Release|Any CPU.ActiveCfg = Release|Any CPU
		{09648EA4-9DA1-4D8F-BFDE-55E7DF246BAC}.Release|Any CPU.Build.0 = Release|Any CPU
		{AFDEBCCB-9469-41B1-9755-B376989A4DA0}.Debug|Any CPU.ActiveCfg = Debug|Any CPU
		{AFDEBCCB-9469-41B1-9755-B376989A4DA0}.Debug|Any CPU.Build.0 = Debug|Any CPU
		{AFDEBCCB-9469-41B1-9755-B376989A4DA0}.Release|Any CPU.ActiveCfg = Release|Any CPU
		{AFDEBCCB-9469-41B1-9755-B376989A4DA0}.Release|Any CPU.Build.0 = Release|Any CPU
		{18B2F761-F93B-4A89-8541-37180C32476C}.Debug|Any CPU.ActiveCfg = Debug|Any CPU
		{18B2F761-F93B-4A89-8541-37180C32476C}.Debug|Any CPU.Build.0 = Debug|Any CPU
		{18B2F761-F93B-4A89-8541-37180C32476C}.Release|Any CPU.ActiveCfg = Release|Any CPU
		{18B2F761-F93B-4A89-8541-37180C32476C}.Release|Any CPU.Build.0 = Release|Any CPU
	EndGlobalSection
	GlobalSection(SolutionProperties) = preSolution
		HideSolutionNode = FALSE
	EndGlobalSection
EndGlobal
