
Microsoft Visual Studio Solution File, Format Version 12.00
# Visual Studio 14
VisualStudioVersion = 14.0.25420.1
MinimumVisualStudioVersion = 10.0.40219.1
Project("{FAE04EC0-301F-11D3-BF4B-00C04F79EFBC}") = "Last3ConsecutiveEqualStrings", "Last3ConsecutiveEqualStrings\Last3ConsecutiveEqualStrings.csproj", "{1AD93F3D-1E48-48EE-ACC6-B699E995D90F}"
EndProject
Project("{FAE04EC0-301F-11D3-BF4B-00C04F79EFBC}") = "ArrayElementsEqualtoTheirIndex", "ArrayElementsEqualtoTheirIndex\ArrayElementsEqualtoTheirIndex.csproj", "{906137DD-C6CA-4841-8581-585E288DB280}"
EndProject
Project("{FAE04EC0-301F-11D3-BF4B-00C04F79EFBC}") = "PhoneBook", "PhoneBook\PhoneBook.csproj", "{43FE18BE-3BFA-4768-91FC-C740A5F40818}"
EndProject
Project("{FAE04EC0-301F-11D3-BF4B-00C04F79EFBC}") = "Phone", "Phone\Phone.csproj", "{14B0E731-4181-4160-B2CB-DFCB003E3B81}"
EndProject
Project("{FAE04EC0-301F-11D3-BF4B-00C04F79EFBC}") = "CharRotation", "CharRotation\CharRotation.csproj", "{520BC606-E610-4CA5-8BCF-61D0CE401B06}"
EndProject
Global
	GlobalSection(SolutionConfigurationPlatforms) = preSolution
		Debug|Any CPU = Debug|Any CPU
		Release|Any CPU = Release|Any CPU
	EndGlobalSection
	GlobalSection(ProjectConfigurationPlatforms) = postSolution
		{1AD93F3D-1E48-48EE-ACC6-B699E995D90F}.Debug|Any CPU.ActiveCfg = Debug|Any CPU
		{1AD93F3D-1E48-48EE-ACC6-B699E995D90F}.Debug|Any CPU.Build.0 = Debug|Any CPU
		{1AD93F3D-1E48-48EE-ACC6-B699E995D90F}.Release|Any CPU.ActiveCfg = Release|Any CPU
		{1AD93F3D-1E48-48EE-ACC6-B699E995D90F}.Release|Any CPU.Build.0 = Release|Any CPU
		{906137DD-C6CA-4841-8581-585E288DB280}.Debug|Any CPU.ActiveCfg = Debug|Any CPU
		{906137DD-C6CA-4841-8581-585E288DB280}.Debug|Any CPU.Build.0 = Debug|Any CPU
		{906137DD-C6CA-4841-8581-585E288DB280}.Release|Any CPU.ActiveCfg = Release|Any CPU
		{906137DD-C6CA-4841-8581-585E288DB280}.Release|Any CPU.Build.0 = Release|Any CPU
		{43FE18BE-3BFA-4768-91FC-C740A5F40818}.Debug|Any CPU.ActiveCfg = Debug|Any CPU
		{43FE18BE-3BFA-4768-91FC-C740A5F40818}.Debug|Any CPU.Build.0 = Debug|Any CPU
		{43FE18BE-3BFA-4768-91FC-C740A5F40818}.Release|Any CPU.ActiveCfg = Release|Any CPU
		{43FE18BE-3BFA-4768-91FC-C740A5F40818}.Release|Any CPU.Build.0 = Release|Any CPU
		{14B0E731-4181-4160-B2CB-DFCB003E3B81}.Debug|Any CPU.ActiveCfg = Debug|Any CPU
		{14B0E731-4181-4160-B2CB-DFCB003E3B81}.Debug|Any CPU.Build.0 = Debug|Any CPU
		{14B0E731-4181-4160-B2CB-DFCB003E3B81}.Release|Any CPU.ActiveCfg = Release|Any CPU
		{14B0E731-4181-4160-B2CB-DFCB003E3B81}.Release|Any CPU.Build.0 = Release|Any CPU
		{520BC606-E610-4CA5-8BCF-61D0CE401B06}.Debug|Any CPU.ActiveCfg = Debug|Any CPU
		{520BC606-E610-4CA5-8BCF-61D0CE401B06}.Debug|Any CPU.Build.0 = Debug|Any CPU
		{520BC606-E610-4CA5-8BCF-61D0CE401B06}.Release|Any CPU.ActiveCfg = Release|Any CPU
		{520BC606-E610-4CA5-8BCF-61D0CE401B06}.Release|Any CPU.Build.0 = Release|Any CPU
	EndGlobalSection
	GlobalSection(SolutionProperties) = preSolution
		HideSolutionNode = FALSE
	EndGlobalSection
EndGlobal
