
Microsoft Visual Studio Solution File, Format Version 12.00
# Visual Studio 14
VisualStudioVersion = 14.0.25420.1
MinimumVisualStudioVersion = 10.0.40219.1
Project("{FAE04EC0-301F-11D3-BF4B-00C04F79EFBC}") = "ShootListElements", "ShootListElements\ShootListElements.csproj", "{45FAD6D8-F33F-4040-A2EB-A6F6D89CD730}"
EndProject
Project("{FAE04EC0-301F-11D3-BF4B-00C04F79EFBC}") = "AvarageCharacterDelimeter", "AvarageCharacterDelimeter\AvarageCharacterDelimeter.csproj", "{7A2C5677-4EC7-46B8-8A74-9595333F20EA}"
EndProject
Project("{FAE04EC0-301F-11D3-BF4B-00C04F79EFBC}") = "SortArrayOfStrings", "SortArrayOfStrings\SortArrayOfStrings.csproj", "{8FE4A824-D083-4A9F-98AA-F3B636E43094}"
EndProject
Project("{FAE04EC0-301F-11D3-BF4B-00C04F79EFBC}") = "ArrayHistogram", "ArrayHistogram\ArrayHistogram.csproj", "{3A3FDC28-EAFA-448B-A337-9F487B40D3FC}"
EndProject
Project("{FAE04EC0-301F-11D3-BF4B-00C04F79EFBC}") = "DecodeRadioFrequencies", "DecodeRadioFrequencies\DecodeRadioFrequencies.csproj", "{1FCBE4A3-ECC7-4BE0-B0DC-09F1DC3E60C3}"
EndProject
Project("{FAE04EC0-301F-11D3-BF4B-00C04F79EFBC}") = "Batteries", "Batteries\Batteries.csproj", "{85A2AD9C-D52D-4D88-98F5-876CFDEC47AA}"
EndProject
Global
	GlobalSection(SolutionConfigurationPlatforms) = preSolution
		Debug|Any CPU = Debug|Any CPU
		Release|Any CPU = Release|Any CPU
	EndGlobalSection
	GlobalSection(ProjectConfigurationPlatforms) = postSolution
		{45FAD6D8-F33F-4040-A2EB-A6F6D89CD730}.Debug|Any CPU.ActiveCfg = Debug|Any CPU
		{45FAD6D8-F33F-4040-A2EB-A6F6D89CD730}.Debug|Any CPU.Build.0 = Debug|Any CPU
		{45FAD6D8-F33F-4040-A2EB-A6F6D89CD730}.Release|Any CPU.ActiveCfg = Release|Any CPU
		{45FAD6D8-F33F-4040-A2EB-A6F6D89CD730}.Release|Any CPU.Build.0 = Release|Any CPU
		{7A2C5677-4EC7-46B8-8A74-9595333F20EA}.Debug|Any CPU.ActiveCfg = Debug|Any CPU
		{7A2C5677-4EC7-46B8-8A74-9595333F20EA}.Debug|Any CPU.Build.0 = Debug|Any CPU
		{7A2C5677-4EC7-46B8-8A74-9595333F20EA}.Release|Any CPU.ActiveCfg = Release|Any CPU
		{7A2C5677-4EC7-46B8-8A74-9595333F20EA}.Release|Any CPU.Build.0 = Release|Any CPU
		{8FE4A824-D083-4A9F-98AA-F3B636E43094}.Debug|Any CPU.ActiveCfg = Debug|Any CPU
		{8FE4A824-D083-4A9F-98AA-F3B636E43094}.Debug|Any CPU.Build.0 = Debug|Any CPU
		{8FE4A824-D083-4A9F-98AA-F3B636E43094}.Release|Any CPU.ActiveCfg = Release|Any CPU
		{8FE4A824-D083-4A9F-98AA-F3B636E43094}.Release|Any CPU.Build.0 = Release|Any CPU
		{3A3FDC28-EAFA-448B-A337-9F487B40D3FC}.Debug|Any CPU.ActiveCfg = Debug|Any CPU
		{3A3FDC28-EAFA-448B-A337-9F487B40D3FC}.Debug|Any CPU.Build.0 = Debug|Any CPU
		{3A3FDC28-EAFA-448B-A337-9F487B40D3FC}.Release|Any CPU.ActiveCfg = Release|Any CPU
		{3A3FDC28-EAFA-448B-A337-9F487B40D3FC}.Release|Any CPU.Build.0 = Release|Any CPU
		{1FCBE4A3-ECC7-4BE0-B0DC-09F1DC3E60C3}.Debug|Any CPU.ActiveCfg = Debug|Any CPU
		{1FCBE4A3-ECC7-4BE0-B0DC-09F1DC3E60C3}.Debug|Any CPU.Build.0 = Debug|Any CPU
		{1FCBE4A3-ECC7-4BE0-B0DC-09F1DC3E60C3}.Release|Any CPU.ActiveCfg = Release|Any CPU
		{1FCBE4A3-ECC7-4BE0-B0DC-09F1DC3E60C3}.Release|Any CPU.Build.0 = Release|Any CPU
		{85A2AD9C-D52D-4D88-98F5-876CFDEC47AA}.Debug|Any CPU.ActiveCfg = Debug|Any CPU
		{85A2AD9C-D52D-4D88-98F5-876CFDEC47AA}.Debug|Any CPU.Build.0 = Debug|Any CPU
		{85A2AD9C-D52D-4D88-98F5-876CFDEC47AA}.Release|Any CPU.ActiveCfg = Release|Any CPU
		{85A2AD9C-D52D-4D88-98F5-876CFDEC47AA}.Release|Any CPU.Build.0 = Release|Any CPU
	EndGlobalSection
	GlobalSection(SolutionProperties) = preSolution
		HideSolutionNode = FALSE
	EndGlobalSection
EndGlobal
