
Microsoft Visual Studio Solution File, Format Version 12.00
# Visual Studio 14
VisualStudioVersion = 14.0.25420.1
MinimumVisualStudioVersion = 10.0.40219.1
Project("{FAE04EC0-301F-11D3-BF4B-00C04F79EFBC}") = "SinoTheWalker", "SinoTheWalker\SinoTheWalker.csproj", "{66795CE5-2458-45B8-8943-9EDE6DF7C53E}"
EndProject
Project("{FAE04EC0-301F-11D3-BF4B-00C04F79EFBC}") = "SoftuniKaraoke", "SoftuniKaraoke\SoftuniKaraoke.csproj", "{7D95D0E0-B897-4985-8429-75CF8274DDDB}"
EndProject
Global
	GlobalSection(SolutionConfigurationPlatforms) = preSolution
		Debug|Any CPU = Debug|Any CPU
		Release|Any CPU = Release|Any CPU
	EndGlobalSection
	GlobalSection(ProjectConfigurationPlatforms) = postSolution
		{66795CE5-2458-45B8-8943-9EDE6DF7C53E}.Debug|Any CPU.ActiveCfg = Debug|Any CPU
		{66795CE5-2458-45B8-8943-9EDE6DF7C53E}.Debug|Any CPU.Build.0 = Debug|Any CPU
		{66795CE5-2458-45B8-8943-9EDE6DF7C53E}.Release|Any CPU.ActiveCfg = Release|Any CPU
		{66795CE5-2458-45B8-8943-9EDE6DF7C53E}.Release|Any CPU.Build.0 = Release|Any CPU
		{7D95D0E0-B897-4985-8429-75CF8274DDDB}.Debug|Any CPU.ActiveCfg = Debug|Any CPU
		{7D95D0E0-B897-4985-8429-75CF8274DDDB}.Debug|Any CPU.Build.0 = Debug|Any CPU
		{7D95D0E0-B897-4985-8429-75CF8274DDDB}.Release|Any CPU.ActiveCfg = Release|Any CPU
		{7D95D0E0-B897-4985-8429-75CF8274DDDB}.Release|Any CPU.Build.0 = Release|Any CPU
	EndGlobalSection
	GlobalSection(SolutionProperties) = preSolution
		HideSolutionNode = FALSE
	EndGlobalSection
EndGlobal
