
Microsoft Visual Studio Solution File, Format Version 12.00
# Visual Studio 14
VisualStudioVersion = 14.0.25420.1
MinimumVisualStudioVersion = 10.0.40219.1
Project("{FAE04EC0-301F-11D3-BF4B-00C04F79EFBC}") = "LetterRepetition", "LetterRepetition\LetterRepetition.csproj", "{7593683E-35B8-49F5-854A-B5EDD449693F}"
EndProject
Project("{FAE04EC0-301F-11D3-BF4B-00C04F79EFBC}") = "Dict-Ref", "Dict-Ref\Dict-Ref.csproj", "{6BB7791A-54F4-4EAF-B1AB-4C673DD7CD75}"
EndProject
Project("{FAE04EC0-301F-11D3-BF4B-00C04F79EFBC}") = "MixedPhones", "MixedPhones\MixedPhones.csproj", "{2261CE98-B201-43EE-9ECA-D91BDBC3468C}"
EndProject
Project("{FAE04EC0-301F-11D3-BF4B-00C04F79EFBC}") = "ExamShopping", "ExamShopping\ExamShopping.csproj", "{D8800298-C966-416D-85FD-DCBE4D0B7EF4}"
EndProject
Project("{FAE04EC0-301F-11D3-BF4B-00C04F79EFBC}") = "UserLogins", "UserLogins\UserLogins.csproj", "{B7BBF723-D39B-4358-8CA2-184D048E6A0F}"
EndProject
Project("{FAE04EC0-301F-11D3-BF4B-00C04F79EFBC}") = "FilterBase", "FilterBase\FilterBase.csproj", "{D5021F04-8864-40D1-B22D-068087DB9A39}"
EndProject
Global
	GlobalSection(SolutionConfigurationPlatforms) = preSolution
		Debug|Any CPU = Debug|Any CPU
		Release|Any CPU = Release|Any CPU
	EndGlobalSection
	GlobalSection(ProjectConfigurationPlatforms) = postSolution
		{7593683E-35B8-49F5-854A-B5EDD449693F}.Debug|Any CPU.ActiveCfg = Debug|Any CPU
		{7593683E-35B8-49F5-854A-B5EDD449693F}.Debug|Any CPU.Build.0 = Debug|Any CPU
		{7593683E-35B8-49F5-854A-B5EDD449693F}.Release|Any CPU.ActiveCfg = Release|Any CPU
		{7593683E-35B8-49F5-854A-B5EDD449693F}.Release|Any CPU.Build.0 = Release|Any CPU
		{6BB7791A-54F4-4EAF-B1AB-4C673DD7CD75}.Debug|Any CPU.ActiveCfg = Debug|Any CPU
		{6BB7791A-54F4-4EAF-B1AB-4C673DD7CD75}.Debug|Any CPU.Build.0 = Debug|Any CPU
		{6BB7791A-54F4-4EAF-B1AB-4C673DD7CD75}.Release|Any CPU.ActiveCfg = Release|Any CPU
		{6BB7791A-54F4-4EAF-B1AB-4C673DD7CD75}.Release|Any CPU.Build.0 = Release|Any CPU
		{2261CE98-B201-43EE-9ECA-D91BDBC3468C}.Debug|Any CPU.ActiveCfg = Debug|Any CPU
		{2261CE98-B201-43EE-9ECA-D91BDBC3468C}.Debug|Any CPU.Build.0 = Debug|Any CPU
		{2261CE98-B201-43EE-9ECA-D91BDBC3468C}.Release|Any CPU.ActiveCfg = Release|Any CPU
		{2261CE98-B201-43EE-9ECA-D91BDBC3468C}.Release|Any CPU.Build.0 = Release|Any CPU
		{D8800298-C966-416D-85FD-DCBE4D0B7EF4}.Debug|Any CPU.ActiveCfg = Debug|Any CPU
		{D8800298-C966-416D-85FD-DCBE4D0B7EF4}.Debug|Any CPU.Build.0 = Debug|Any CPU
		{D8800298-C966-416D-85FD-DCBE4D0B7EF4}.Release|Any CPU.ActiveCfg = Release|Any CPU
		{D8800298-C966-416D-85FD-DCBE4D0B7EF4}.Release|Any CPU.Build.0 = Release|Any CPU
		{B7BBF723-D39B-4358-8CA2-184D048E6A0F}.Debug|Any CPU.ActiveCfg = Debug|Any CPU
		{B7BBF723-D39B-4358-8CA2-184D048E6A0F}.Debug|Any CPU.Build.0 = Debug|Any CPU
		{B7BBF723-D39B-4358-8CA2-184D048E6A0F}.Release|Any CPU.ActiveCfg = Release|Any CPU
		{B7BBF723-D39B-4358-8CA2-184D048E6A0F}.Release|Any CPU.Build.0 = Release|Any CPU
		{D5021F04-8864-40D1-B22D-068087DB9A39}.Debug|Any CPU.ActiveCfg = Debug|Any CPU
		{D5021F04-8864-40D1-B22D-068087DB9A39}.Debug|Any CPU.Build.0 = Debug|Any CPU
		{D5021F04-8864-40D1-B22D-068087DB9A39}.Release|Any CPU.ActiveCfg = Release|Any CPU
		{D5021F04-8864-40D1-B22D-068087DB9A39}.Release|Any CPU.Build.0 = Release|Any CPU
	EndGlobalSection
	GlobalSection(SolutionProperties) = preSolution
		HideSolutionNode = FALSE
	EndGlobalSection
EndGlobal
