
Microsoft Visual Studio Solution File, Format Version 12.00
# Visual Studio 14
VisualStudioVersion = 14.0.25420.1
MinimumVisualStudioVersion = 10.0.40219.1
Project("{FAE04EC0-301F-11D3-BF4B-00C04F79EFBC}") = "DebitCardNumber", "DebitCardNumber\DebitCardNumber.csproj", "{27F849C2-D042-46FD-8D4B-6A664530FE73}"
EndProject
Project("{FAE04EC0-301F-11D3-BF4B-00C04F79EFBC}") = "RectangleArea", "RectangleArea\RectangleArea.csproj", "{199B2BEF-86F0-4B39-A206-958FC7A0B667}"
EndProject
Project("{FAE04EC0-301F-11D3-BF4B-00C04F79EFBC}") = "MilesToKilometers", "MilesToKilometers\MilesToKilometers.csproj", "{E21E4CD0-12F4-4569-AA3F-74FF1D6FD84F}"
EndProject
Project("{FAE04EC0-301F-11D3-BF4B-00C04F79EFBC}") = "BeverageLabels", "BeverageLabels\BeverageLabels.csproj", "{8ED28A46-96F1-4C20-9736-64A7447E63D5}"
EndProject
Global
	GlobalSection(SolutionConfigurationPlatforms) = preSolution
		Debug|Any CPU = Debug|Any CPU
		Release|Any CPU = Release|Any CPU
	EndGlobalSection
	GlobalSection(ProjectConfigurationPlatforms) = postSolution
		{27F849C2-D042-46FD-8D4B-6A664530FE73}.Debug|Any CPU.ActiveCfg = Debug|Any CPU
		{27F849C2-D042-46FD-8D4B-6A664530FE73}.Debug|Any CPU.Build.0 = Debug|Any CPU
		{27F849C2-D042-46FD-8D4B-6A664530FE73}.Release|Any CPU.ActiveCfg = Release|Any CPU
		{27F849C2-D042-46FD-8D4B-6A664530FE73}.Release|Any CPU.Build.0 = Release|Any CPU
		{199B2BEF-86F0-4B39-A206-958FC7A0B667}.Debug|Any CPU.ActiveCfg = Debug|Any CPU
		{199B2BEF-86F0-4B39-A206-958FC7A0B667}.Debug|Any CPU.Build.0 = Debug|Any CPU
		{199B2BEF-86F0-4B39-A206-958FC7A0B667}.Release|Any CPU.ActiveCfg = Release|Any CPU
		{199B2BEF-86F0-4B39-A206-958FC7A0B667}.Release|Any CPU.Build.0 = Release|Any CPU
		{E21E4CD0-12F4-4569-AA3F-74FF1D6FD84F}.Debug|Any CPU.ActiveCfg = Debug|Any CPU
		{E21E4CD0-12F4-4569-AA3F-74FF1D6FD84F}.Debug|Any CPU.Build.0 = Debug|Any CPU
		{E21E4CD0-12F4-4569-AA3F-74FF1D6FD84F}.Release|Any CPU.ActiveCfg = Release|Any CPU
		{E21E4CD0-12F4-4569-AA3F-74FF1D6FD84F}.Release|Any CPU.Build.0 = Release|Any CPU
		{8ED28A46-96F1-4C20-9736-64A7447E63D5}.Debug|Any CPU.ActiveCfg = Debug|Any CPU
		{8ED28A46-96F1-4C20-9736-64A7447E63D5}.Debug|Any CPU.Build.0 = Debug|Any CPU
		{8ED28A46-96F1-4C20-9736-64A7447E63D5}.Release|Any CPU.ActiveCfg = Release|Any CPU
		{8ED28A46-96F1-4C20-9736-64A7447E63D5}.Release|Any CPU.Build.0 = Release|Any CPU
	EndGlobalSection
	GlobalSection(SolutionProperties) = preSolution
		HideSolutionNode = FALSE
	EndGlobalSection
EndGlobal
