
Microsoft Visual Studio Solution File, Format Version 12.00
# Visual Studio 14
VisualStudioVersion = 14.0.25420.1
MinimumVisualStudioVersion = 10.0.40219.1
Project("{FAE04EC0-301F-11D3-BF4B-00C04F79EFBC}") = "TimeSinceBirthday", "TimeSinceBirthday\TimeSinceBirthday.csproj", "{35802337-3BD6-4DAC-B4B1-3D42B1B2B452}"
EndProject
Project("{FAE04EC0-301F-11D3-BF4B-00C04F79EFBC}") = "CirclePerimeter", "CirclePerimeter\CirclePerimeter.csproj", "{C41C7E34-E832-4471-BB4D-7AD4C5ADFC07}"
EndProject
Project("{FAE04EC0-301F-11D3-BF4B-00C04F79EFBC}") = "ExactProductOfRealNumbers", "ExactProductOfRealNumbers\ExactProductOfRealNumbers.csproj", "{0F7D6FB3-BAF0-435B-84D6-36299A401543}"
EndProject
Project("{FAE04EC0-301F-11D3-BF4B-00C04F79EFBC}") = "Transport", "Transport\Transport.csproj", "{4102BDB5-4AD6-4AF3-9B16-EC7A7E14F6B3}"
EndProject
Global
	GlobalSection(SolutionConfigurationPlatforms) = preSolution
		Debug|Any CPU = Debug|Any CPU
		Release|Any CPU = Release|Any CPU
	EndGlobalSection
	GlobalSection(ProjectConfigurationPlatforms) = postSolution
		{35802337-3BD6-4DAC-B4B1-3D42B1B2B452}.Debug|Any CPU.ActiveCfg = Debug|Any CPU
		{35802337-3BD6-4DAC-B4B1-3D42B1B2B452}.Debug|Any CPU.Build.0 = Debug|Any CPU
		{35802337-3BD6-4DAC-B4B1-3D42B1B2B452}.Release|Any CPU.ActiveCfg = Release|Any CPU
		{35802337-3BD6-4DAC-B4B1-3D42B1B2B452}.Release|Any CPU.Build.0 = Release|Any CPU
		{C41C7E34-E832-4471-BB4D-7AD4C5ADFC07}.Debug|Any CPU.ActiveCfg = Debug|Any CPU
		{C41C7E34-E832-4471-BB4D-7AD4C5ADFC07}.Debug|Any CPU.Build.0 = Debug|Any CPU
		{C41C7E34-E832-4471-BB4D-7AD4C5ADFC07}.Release|Any CPU.ActiveCfg = Release|Any CPU
		{C41C7E34-E832-4471-BB4D-7AD4C5ADFC07}.Release|Any CPU.Build.0 = Release|Any CPU
		{0F7D6FB3-BAF0-435B-84D6-36299A401543}.Debug|Any CPU.ActiveCfg = Debug|Any CPU
		{0F7D6FB3-BAF0-435B-84D6-36299A401543}.Debug|Any CPU.Build.0 = Debug|Any CPU
		{0F7D6FB3-BAF0-435B-84D6-36299A401543}.Release|Any CPU.ActiveCfg = Release|Any CPU
		{0F7D6FB3-BAF0-435B-84D6-36299A401543}.Release|Any CPU.Build.0 = Release|Any CPU
		{4102BDB5-4AD6-4AF3-9B16-EC7A7E14F6B3}.Debug|Any CPU.ActiveCfg = Debug|Any CPU
		{4102BDB5-4AD6-4AF3-9B16-EC7A7E14F6B3}.Debug|Any CPU.Build.0 = Debug|Any CPU
		{4102BDB5-4AD6-4AF3-9B16-EC7A7E14F6B3}.Release|Any CPU.ActiveCfg = Release|Any CPU
		{4102BDB5-4AD6-4AF3-9B16-EC7A7E14F6B3}.Release|Any CPU.Build.0 = Release|Any CPU
	EndGlobalSection
	GlobalSection(SolutionProperties) = preSolution
		HideSolutionNode = FALSE
	EndGlobalSection
EndGlobal
