
Microsoft Visual Studio Solution File, Format Version 12.00
# Visual Studio 14
VisualStudioVersion = 14.0.25420.1
MinimumVisualStudioVersion = 10.0.40219.1
Project("{FAE04EC0-301F-11D3-BF4B-00C04F79EFBC}") = "TrickyStrings", "TrickyStrings\TrickyStrings.csproj", "{FEC86593-9A71-4948-A5E7-6FB7533243C6}"
EndProject
Project("{FAE04EC0-301F-11D3-BF4B-00C04F79EFBC}") = "TriangleFormations", "TriangleFormations\TriangleFormations.csproj", "{E67CED03-2143-4845-9002-94C8622F07DB}"
EndProject
Project("{FAE04EC0-301F-11D3-BF4B-00C04F79EFBC}") = "TetrisBroken", "Tetris_Broken\TetrisBroken.csproj", "{4A09FF2C-D208-4AF7-8333-0D7BFAD99056}"
EndProject
Project("{FAE04EC0-301F-11D3-BF4B-00C04F79EFBC}") = "MiningCoins", "MiningCoins\MiningCoins.csproj", "{FDEFC1B5-6130-4281-B116-8BC510BCB64D}"
EndProject
Global
	GlobalSection(SolutionConfigurationPlatforms) = preSolution
		Debug|Any CPU = Debug|Any CPU
		Release|Any CPU = Release|Any CPU
	EndGlobalSection
	GlobalSection(ProjectConfigurationPlatforms) = postSolution
		{FEC86593-9A71-4948-A5E7-6FB7533243C6}.Debug|Any CPU.ActiveCfg = Debug|Any CPU
		{FEC86593-9A71-4948-A5E7-6FB7533243C6}.Debug|Any CPU.Build.0 = Debug|Any CPU
		{FEC86593-9A71-4948-A5E7-6FB7533243C6}.Release|Any CPU.ActiveCfg = Release|Any CPU
		{FEC86593-9A71-4948-A5E7-6FB7533243C6}.Release|Any CPU.Build.0 = Release|Any CPU
		{E67CED03-2143-4845-9002-94C8622F07DB}.Debug|Any CPU.ActiveCfg = Debug|Any CPU
		{E67CED03-2143-4845-9002-94C8622F07DB}.Debug|Any CPU.Build.0 = Debug|Any CPU
		{E67CED03-2143-4845-9002-94C8622F07DB}.Release|Any CPU.ActiveCfg = Release|Any CPU
		{E67CED03-2143-4845-9002-94C8622F07DB}.Release|Any CPU.Build.0 = Release|Any CPU
		{4A09FF2C-D208-4AF7-8333-0D7BFAD99056}.Debug|Any CPU.ActiveCfg = Debug|Any CPU
		{4A09FF2C-D208-4AF7-8333-0D7BFAD99056}.Debug|Any CPU.Build.0 = Debug|Any CPU
		{4A09FF2C-D208-4AF7-8333-0D7BFAD99056}.Release|Any CPU.ActiveCfg = Release|Any CPU
		{4A09FF2C-D208-4AF7-8333-0D7BFAD99056}.Release|Any CPU.Build.0 = Release|Any CPU
		{FDEFC1B5-6130-4281-B116-8BC510BCB64D}.Debug|Any CPU.ActiveCfg = Debug|Any CPU
		{FDEFC1B5-6130-4281-B116-8BC510BCB64D}.Debug|Any CPU.Build.0 = Debug|Any CPU
		{FDEFC1B5-6130-4281-B116-8BC510BCB64D}.Release|Any CPU.ActiveCfg = Release|Any CPU
		{FDEFC1B5-6130-4281-B116-8BC510BCB64D}.Release|Any CPU.Build.0 = Release|Any CPU
	EndGlobalSection
	GlobalSection(SolutionProperties) = preSolution
		HideSolutionNode = FALSE
	EndGlobalSection
EndGlobal
